{
  "version": 4,
  "terraform_version": "1.12.2",
  "serial": 280,
  "lineage": "809c7e0d-020a-3c39-fe93-9e836230ca9c",
  "outputs": {
    "alb_dns_name": {
      "value": "nurlan-yagublu-dev-alb-668326209.us-east-1.elb.amazonaws.com",
      "type": "string"
    },
    "alb_zone_id": {
      "value": "Z35SXDOTRQ7X7K",
      "type": "string"
    },
    "api_fqdn": {
      "value": "dev-api.nurlanskillup.pp.ua",
      "type": "string"
    },
    "app_fqdn": {
      "value": "dev-app.nurlanskillup.pp.ua",
      "type": "string"
    },
    "certificate_arn": {
      "value": "arn:aws:acm:us-east-1:253650698585:certificate/f2d274b0-2fe3-47eb-8558-4cae3e9b7502",
      "type": "string"
    },
    "cloudfront_distribution_id": {
      "value": "E3JEQC6CL9GIIY",
      "type": "string"
    },
    "cloudfront_domain_name": {
      "value": "d34a487tjqrgvn.cloudfront.net",
      "type": "string"
    },
    "db_instance_endpoint": {
      "value": "nurlan-yagublu-dev-postgres.ctneloibxyyb.us-east-1.rds.amazonaws.com:5432",
      "type": "string"
    },
    "db_instance_id": {
      "value": "db-DYFYHXMXOIJ4YUEWTIF4E2KVIA",
      "type": "string"
    },
    "ecr_repository_arn": {
      "value": "arn:aws:ecr:us-east-1:253650698585:repository/nurlan-yagublu-dev-flask-api",
      "type": "string"
    },
    "ecr_repository_name": {
      "value": "nurlan-yagublu-dev-flask-api",
      "type": "string"
    },
    "ecr_repository_url": {
      "value": "253650698585.dkr.ecr.us-east-1.amazonaws.com/nurlan-yagublu-dev-flask-api",
      "type": "string"
    },
    "ecs_ecs_cluster_id": {
      "value": "arn:aws:ecs:us-east-1:253650698585:cluster/nurlan-yagublu-dev-cluster",
      "type": "string"
    },
    "ecs_ecs_service_name": {
      "value": "nurlan-yagublu-dev-service",
      "type": "string"
    },
    "ecs_task_execution_role_arn": {
      "value": "arn:aws:iam::253650698585:role/nurlan-yagublu-dev-ecs-task-execution",
      "type": "string"
    },
    "ecs_task_role_arn": {
      "value": "arn:aws:iam::253650698585:role/nurlan-yagublu-dev-ecs-task",
      "type": "string"
    },
    "environment": {
      "value": "dev",
      "type": "string"
    },
    "hosted_zone_id": {
      "value": "Z0644704Y4X9BY5DWZ1T",
      "type": "string"
    },
    "kms_key_arn": {
      "value": "arn:aws:kms:us-east-1:253650698585:key/25e5970b-99d5-42b2-8971-16468f9c7f83",
      "type": "string"
    },
    "private_app_subnet_ids": {
      "value": [
        "subnet-0f71f2ceae447ff73",
        "subnet-08966b4d73842fc3f"
      ],
      "type": [
        "tuple",
        [
          "string",
          "string"
        ]
      ]
    },
    "public_subnet_ids": {
      "value": [
        "subnet-082d4f58bbdd5bee4",
        "subnet-098a63593f409e4c7"
      ],
      "type": [
        "tuple",
        [
          "string",
          "string"
        ]
      ]
    },
    "region": {
      "value": "us-east-1",
      "type": "string"
    },
    "s3_bucket_id": {
      "value": "nurlan-yagublu-dev-static-website",
      "type": "string"
    },
    "s3_website_endpoint": {
      "value": "nurlan-yagublu-dev-static-website.s3-website-us-east-1.amazonaws.com",
      "type": "string"
    },
    "vpc_id": {
      "value": "vpc-070cab3b44e064fa9",
      "type": "string"
    },
    "website_url": {
      "value": "https://d34a487tjqrgvn.cloudfront.net",
      "type": "string"
    }
  },
  "resources": [
    {
      "module": "module.database",
      "mode": "data",
      "type": "aws_region",
      "name": "current",
      "provider": "provider[\"registry.terraform.io/hashicorp/aws\"]",
      "instances": [
        {
          "schema_version": 0,
          "attributes": {
            "description": "US East (N. Virginia)",
            "endpoint": "ec2.us-east-1.amazonaws.com",
            "id": "us-east-1",
            "name": "us-east-1"
          },
          "sensitive_attributes": [],
          "identity_schema_version": 0
        }
      ]
    },
    {
      "module": "module.database",
      "mode": "managed",
      "type": "aws_db_instance",
      "name": "main",
      "provider": "provider[\"registry.terraform.io/hashicorp/aws\"]",
      "instances": [
        {
          "schema_version": 2,
          "attributes": {
            "address": "nurlan-yagublu-dev-postgres.ctneloibxyyb.us-east-1.rds.amazonaws.com",
            "allocated_storage": 20,
            "allow_major_version_upgrade": null,
            "apply_immediately": false,
            "arn": "arn:aws:rds:us-east-1:253650698585:db:nurlan-yagublu-dev-postgres",
            "auto_minor_version_upgrade": true,
            "availability_zone": "us-east-1b",
            "backup_retention_period": 3,
            "backup_target": "region",
            "backup_window": "03:00-04:00",
            "blue_green_update": [],
            "ca_cert_identifier": "rds-ca-rsa2048-g1",
            "character_set_name": "",
            "copy_tags_to_snapshot": true,
            "custom_iam_instance_profile": "",
            "customer_owned_ip_enabled": false,
            "database_insights_mode": "standard",
            "db_name": "nurlanyagublu_dev",
            "db_subnet_group_name": "nurlan-yagublu-dev-db-subnet-group",
            "dedicated_log_volume": false,
            "delete_automated_backups": false,
            "deletion_protection": false,
            "domain": "",
            "domain_auth_secret_arn": "",
            "domain_dns_ips": [],
            "domain_fqdn": "",
            "domain_iam_role_name": "",
            "domain_ou": "",
            "enabled_cloudwatch_logs_exports": [],
            "endpoint": "nurlan-yagublu-dev-postgres.ctneloibxyyb.us-east-1.rds.amazonaws.com:5432",
            "engine": "postgres",
            "engine_lifecycle_support": "open-source-rds-extended-support",
            "engine_version": "15.8",
            "engine_version_actual": "15.8",
            "final_snapshot_identifier": null,
            "hosted_zone_id": "Z2R2ITUGPM61AM",
            "iam_database_authentication_enabled": false,
            "id": "db-DYFYHXMXOIJ4YUEWTIF4E2KVIA",
            "identifier": "nurlan-yagublu-dev-postgres",
            "identifier_prefix": "",
            "instance_class": "db.t3.micro",
            "iops": 0,
            "kms_key_id": "arn:aws:kms:us-east-1:253650698585:key/25e5970b-99d5-42b2-8971-16468f9c7f83",
            "latest_restorable_time": "2025-06-26T17:34:39Z",
            "license_model": "postgresql-license",
            "listener_endpoint": [],
            "maintenance_window": "sun:04:00-sun:05:00",
            "manage_master_user_password": null,
            "master_user_secret": [],
            "master_user_secret_kms_key_id": null,
            "max_allocated_storage": 100,
            "monitoring_interval": 0,
            "monitoring_role_arn": "",
            "multi_az": false,
            "nchar_character_set_name": "",
            "network_type": "IPV4",
            "option_group_name": "default:postgres-15",
            "parameter_group_name": "nurlan-yagublu-dev-postgres-params",
            "password": "E)Go(TjI\u0026kEB-F_tPvbhEihZu37H7-6r",
            "password_wo": null,
            "password_wo_version": null,
            "performance_insights_enabled": false,
            "performance_insights_kms_key_id": "",
            "performance_insights_retention_period": 0,
            "port": 5432,
            "publicly_accessible": false,
            "replica_mode": "",
            "replicas": [],
            "replicate_source_db": "",
            "resource_id": "db-DYFYHXMXOIJ4YUEWTIF4E2KVIA",
            "restore_to_point_in_time": [],
            "s3_import": [],
            "skip_final_snapshot": true,
            "snapshot_identifier": null,
            "status": "available",
            "storage_encrypted": true,
            "storage_throughput": 0,
            "storage_type": "gp2",
            "tags": {
              "CostCenter": "development",
              "Environment": "dev",
              "Name": "nurlan-yagublu-postgres",
              "Project": "nurlan-yagublu",
              "Type": "Database",
              "owner": "nurlan.yagublu@nixs.com"
            },
            "tags_all": {
              "CostCenter": "development",
              "Environment": "dev",
              "ManagedBy": "terraform",
              "Name": "nurlan-yagublu-postgres",
              "Project": "nurlan-yagublu",
              "Type": "Database",
              "owner": "nurlan.yagublu@nixs.com"
            },
            "timeouts": null,
            "timezone": "",
            "upgrade_storage_config": null,
            "username": "dbadmin",
            "vpc_security_group_ids": [
              "sg-069a41fe08d6df7a5"
            ]
          },
          "sensitive_attributes": [
            [
              {
                "type": "get_attr",
                "value": "password"
              }
            ],
            [
              {
                "type": "get_attr",
                "value": "password_wo"
              }
            ]
          ],
          "identity_schema_version": 0,
          "private": "eyJlMmJmYjczMC1lY2FhLTExZTYtOGY4OC0zNDM2M2JjN2M0YzAiOnsiY3JlYXRlIjozMDAwMDAwMDAwMDAwLCJkZWxldGUiOjM2MDAwMDAwMDAwMDAsInVwZGF0ZSI6NDgwMDAwMDAwMDAwMH0sInNjaGVtYV92ZXJzaW9uIjoiMiJ9",
          "dependencies": [
            "module.database.aws_db_parameter_group.main",
            "module.database.aws_db_subnet_group.main",
            "module.database.aws_iam_role.rds_enhanced_monitoring",
            "module.database.random_password.db_password",
            "module.networking.aws_security_group.alb",
            "module.networking.aws_security_group.ecs",
            "module.networking.aws_security_group.rds",
            "module.networking.aws_subnet.private_db",
            "module.networking.aws_vpc.main",
            "module.networking.data.aws_availability_zones.available",
            "module.security.aws_kms_key.main"
          ]
        }
      ]
    },
    {
      "module": "module.database",
      "mode": "managed",
      "type": "aws_db_parameter_group",
      "name": "main",
      "provider": "provider[\"registry.terraform.io/hashicorp/aws\"]",
      "instances": [
        {
          "schema_version": 0,
          "attributes": {
            "arn": "arn:aws:rds:us-east-1:253650698585:pg:nurlan-yagublu-dev-postgres-params",
            "description": "Managed by Terraform",
            "family": "postgres15",
            "id": "nurlan-yagublu-dev-postgres-params",
            "name": "nurlan-yagublu-dev-postgres-params",
            "name_prefix": "",
            "parameter": [
              {
                "apply_method": "immediate",
                "name": "log_min_duration_statement",
                "value": "1000"
              },
              {
                "apply_method": "immediate",
                "name": "log_statement",
                "value": "all"
              },
              {
                "apply_method": "pending-reboot",
                "name": "max_connections",
                "value": "100"
              },
              {
                "apply_method": "pending-reboot",
                "name": "shared_preload_libraries",
                "value": "pg_stat_statements"
              }
            ],
            "skip_destroy": false,
            "tags": {
              "CostCenter": "development",
              "Environment": "dev",
              "Name": "nurlan-yagublu-postgres-params",
              "Project": "nurlan-yagublu",
              "Type": "DBParameterGroup",
              "owner": "nurlan.yagublu@nixs.com"
            },
            "tags_all": {
              "CostCenter": "development",
              "Environment": "dev",
              "ManagedBy": "terraform",
              "Name": "nurlan-yagublu-postgres-params",
              "Project": "nurlan-yagublu",
              "Type": "DBParameterGroup",
              "owner": "nurlan.yagublu@nixs.com"
            }
          },
          "sensitive_attributes": [],
          "identity_schema_version": 0,
          "private": "bnVsbA=="
        }
      ]
    },
    {
      "module": "module.database",
      "mode": "managed",
      "type": "aws_db_subnet_group",
      "name": "main",
      "provider": "provider[\"registry.terraform.io/hashicorp/aws\"]",
      "instances": [
        {
          "schema_version": 0,
          "attributes": {
            "arn": "arn:aws:rds:us-east-1:253650698585:subgrp:nurlan-yagublu-dev-db-subnet-group",
            "description": "Managed by Terraform",
            "id": "nurlan-yagublu-dev-db-subnet-group",
            "name": "nurlan-yagublu-dev-db-subnet-group",
            "name_prefix": "",
            "subnet_ids": [
              "subnet-01f1d722b2929755d",
              "subnet-0f0ff242319155b99"
            ],
            "supported_network_types": [
              "IPV4"
            ],
            "tags": {
              "CostCenter": "development",
              "Environment": "dev",
              "Name": "nurlan-yagublu-db-subnet-group",
              "Project": "nurlan-yagublu",
              "Type": "DBSubnetGroup",
              "owner": "nurlan.yagublu@nixs.com"
            },
            "tags_all": {
              "CostCenter": "development",
              "Environment": "dev",
              "ManagedBy": "terraform",
              "Name": "nurlan-yagublu-db-subnet-group",
              "Project": "nurlan-yagublu",
              "Type": "DBSubnetGroup",
              "owner": "nurlan.yagublu@nixs.com"
            },
            "vpc_id": "vpc-070cab3b44e064fa9"
          },
          "sensitive_attributes": [],
          "identity_schema_version": 0,
          "private": "bnVsbA==",
          "dependencies": [
            "module.networking.aws_subnet.private_db",
            "module.networking.aws_vpc.main",
            "module.networking.data.aws_availability_zones.available"
          ]
        }
      ]
    },
    {
      "module": "module.database",
      "mode": "managed",
      "type": "aws_secretsmanager_secret",
      "name": "db_credentials",
      "provider": "provider[\"registry.terraform.io/hashicorp/aws\"]",
      "instances": [
        {
          "schema_version": 0,
          "attributes": {
            "arn": "arn:aws:secretsmanager:us-east-1:253650698585:secret:nurlan-yagublu-dev-db-credentials-KYpslA",
            "description": "Database credentials for nurlan-yagublu dev",
            "force_overwrite_replica_secret": false,
            "id": "arn:aws:secretsmanager:us-east-1:253650698585:secret:nurlan-yagublu-dev-db-credentials-KYpslA",
            "kms_key_id": "",
            "name": "nurlan-yagublu-dev-db-credentials",
            "name_prefix": "",
            "policy": "",
            "recovery_window_in_days": 30,
            "replica": [],
            "tags": {
              "CostCenter": "development",
              "Environment": "dev",
              "Name": "nurlan-yagublu-db-credentials",
              "Project": "nurlan-yagublu",
              "Type": "DatabaseCredentials",
              "owner": "nurlan.yagublu@nixs.com"
            },
            "tags_all": {
              "CostCenter": "development",
              "Environment": "dev",
              "ManagedBy": "terraform",
              "Name": "nurlan-yagublu-db-credentials",
              "Project": "nurlan-yagublu",
              "Type": "DatabaseCredentials",
              "owner": "nurlan.yagublu@nixs.com"
            }
          },
          "sensitive_attributes": [],
          "identity_schema_version": 0,
          "private": "bnVsbA=="
        }
      ]
    },
    {
      "module": "module.database",
      "mode": "managed",
      "type": "aws_secretsmanager_secret_version",
      "name": "db_credentials",
      "provider": "provider[\"registry.terraform.io/hashicorp/aws\"]",
      "instances": [
        {
          "schema_version": 0,
          "attributes": {
            "arn": "arn:aws:secretsmanager:us-east-1:253650698585:secret:nurlan-yagublu-dev-db-credentials-KYpslA",
            "has_secret_string_wo": null,
            "id": "arn:aws:secretsmanager:us-east-1:253650698585:secret:nurlan-yagublu-dev-db-credentials-KYpslA|terraform-20250625085424053600000001",
            "secret_binary": "",
            "secret_id": "arn:aws:secretsmanager:us-east-1:253650698585:secret:nurlan-yagublu-dev-db-credentials-KYpslA",
            "secret_string": "{\"dbname\":\"nurlanyagublu_dev\",\"engine\":\"postgres\",\"host\":\"nurlan-yagublu-dev-postgres.ctneloibxyyb.us-east-1.rds.amazonaws.com:5432\",\"password\":\"E)Go(TjI\\u0026kEB-F_tPvbhEihZu37H7-6r\",\"port\":5432,\"username\":\"dbadmin\"}",
            "secret_string_wo": null,
            "secret_string_wo_version": null,
            "version_id": "terraform-20250625085424053600000001",
            "version_stages": [
              "AWSPREVIOUS"
            ]
          },
          "sensitive_attributes": [
            [
              {
                "type": "get_attr",
                "value": "secret_binary"
              }
            ],
            [
              {
                "type": "get_attr",
                "value": "secret_string"
              }
            ],
            [
              {
                "type": "get_attr",
                "value": "secret_string_wo"
              }
            ]
          ],
          "identity_schema_version": 0,
          "private": "bnVsbA==",
          "dependencies": [
            "module.database.aws_db_instance.main",
            "module.database.aws_db_parameter_group.main",
            "module.database.aws_db_subnet_group.main",
            "module.database.aws_iam_role.rds_enhanced_monitoring",
            "module.database.aws_secretsmanager_secret.db_credentials",
            "module.database.random_password.db_password",
            "module.networking.aws_security_group.alb",
            "module.networking.aws_security_group.ecs",
            "module.networking.aws_security_group.rds",
            "module.networking.aws_subnet.private_db",
            "module.networking.aws_vpc.main",
            "module.networking.data.aws_availability_zones.available",
            "module.security.aws_kms_key.main"
          ]
        }
      ]
    },
    {
      "module": "module.database",
      "mode": "managed",
      "type": "random_password",
      "name": "db_password",
      "provider": "provider[\"registry.terraform.io/hashicorp/random\"]",
      "instances": [
        {
          "schema_version": 3,
          "attributes": {
            "bcrypt_hash": "$2a$10$.d7.WKasPfRSK5sfTdshleF0kLFvx1rGi6476VGEp1ydi7HHceXG2",
            "id": "none",
            "keepers": null,
            "length": 32,
            "lower": true,
            "min_lower": 0,
            "min_numeric": 0,
            "min_special": 0,
            "min_upper": 0,
            "number": true,
            "numeric": true,
            "override_special": null,
            "result": "E)Go(TjI\u0026kEB-F_tPvbhEihZu37H7-6r",
            "special": true,
            "upper": true
          },
          "sensitive_attributes": [
            [
              {
                "type": "get_attr",
                "value": "bcrypt_hash"
              }
            ],
            [
              {
                "type": "get_attr",
                "value": "result"
              }
            ]
          ],
          "identity_schema_version": 0
        }
      ]
    },
    {
      "module": "module.ecs",
      "mode": "data",
      "type": "aws_caller_identity",
      "name": "current",
      "provider": "provider[\"registry.terraform.io/hashicorp/aws\"]",
      "instances": [
        {
          "schema_version": 0,
          "attributes": {
            "account_id": "253650698585",
            "arn": "arn:aws:iam::253650698585:user/nurlanyagublu_appserver",
            "id": "253650698585",
            "user_id": "AIDATWDWCQFMQ7AQFRVR7"
          },
          "sensitive_attributes": [],
          "identity_schema_version": 0
        }
      ]
    },
    {
      "module": "module.ecs",
      "mode": "data",
      "type": "aws_region",
      "name": "current",
      "provider": "provider[\"registry.terraform.io/hashicorp/aws\"]",
      "instances": [
        {
          "schema_version": 0,
          "attributes": {
            "description": "US East (N. Virginia)",
            "endpoint": "ec2.us-east-1.amazonaws.com",
            "id": "us-east-1",
            "name": "us-east-1"
          },
          "sensitive_attributes": [],
          "identity_schema_version": 0
        }
      ]
    },
    {
      "module": "module.ecs",
      "mode": "managed",
      "type": "aws_appautoscaling_policy",
      "name": "ecs_policy_cpu",
      "provider": "provider[\"registry.terraform.io/hashicorp/aws\"]",
      "instances": [
        {
          "index_key": 0,
          "schema_version": 0,
          "attributes": {
            "alarm_arns": [
              "arn:aws:cloudwatch:us-east-1:253650698585:alarm:TargetTracking-service/nurlan-yagublu-dev-cluster/nurlan-yagublu-dev-service-AlarmHigh-70d2b6dd-18d3-458e-983e-0538a5bdfe9f",
              "arn:aws:cloudwatch:us-east-1:253650698585:alarm:TargetTracking-service/nurlan-yagublu-dev-cluster/nurlan-yagublu-dev-service-AlarmLow-dbb3644a-b86d-430e-9a46-c63bdc49f779"
            ],
            "arn": "arn:aws:autoscaling:us-east-1:253650698585:scalingPolicy:e3b18e7d-ef95-49a0-8153-d9dd2a317dcc:resource/ecs/service/nurlan-yagublu-dev-cluster/nurlan-yagublu-dev-service:policyName/nurlan-yagublu-dev-cpu-scaling",
            "id": "nurlan-yagublu-dev-cpu-scaling",
            "name": "nurlan-yagublu-dev-cpu-scaling",
            "policy_type": "TargetTrackingScaling",
            "resource_id": "service/nurlan-yagublu-dev-cluster/nurlan-yagublu-dev-service",
            "scalable_dimension": "ecs:service:DesiredCount",
            "service_namespace": "ecs",
            "step_scaling_policy_configuration": [],
            "target_tracking_scaling_policy_configuration": [
              {
                "customized_metric_specification": [],
                "disable_scale_in": false,
                "predefined_metric_specification": [
                  {
                    "predefined_metric_type": "ECSServiceAverageCPUUtilization",
                    "resource_label": ""
                  }
                ],
                "scale_in_cooldown": 0,
                "scale_out_cooldown": 0,
                "target_value": 80
              }
            ]
          },
          "sensitive_attributes": [],
          "identity_schema_version": 0,
          "private": "bnVsbA==",
          "dependencies": [
            "module.database.aws_secretsmanager_secret.db_credentials",
            "module.ecs.aws_appautoscaling_target.ecs_target",
            "module.ecs.aws_cloudwatch_log_group.app",
            "module.ecs.aws_ecr_repository.app",
            "module.ecs.aws_ecs_cluster.main",
            "module.ecs.aws_ecs_service.app",
            "module.ecs.aws_ecs_task_definition.app",
            "module.ecs.aws_iam_role.ecs_execution_role",
            "module.ecs.aws_iam_role.ecs_task_role",
            "module.ecs.aws_lb.main",
            "module.ecs.aws_lb_listener.app_http",
            "module.ecs.aws_lb_target_group.app",
            "module.ecs.aws_service_discovery_private_dns_namespace.main",
            "module.ecs.aws_service_discovery_service.app",
            "module.ecs.data.aws_region.current",
            "module.networking.aws_security_group.alb",
            "module.networking.aws_security_group.ecs",
            "module.networking.aws_subnet.private_app",
            "module.networking.aws_subnet.public",
            "module.networking.aws_vpc.main",
            "module.networking.data.aws_availability_zones.available"
          ]
        }
      ]
    },
    {
      "module": "module.ecs",
      "mode": "managed",
      "type": "aws_appautoscaling_policy",
      "name": "ecs_policy_memory",
      "provider": "provider[\"registry.terraform.io/hashicorp/aws\"]",
      "instances": [
        {
          "index_key": 0,
          "schema_version": 0,
          "attributes": {
            "alarm_arns": [
              "arn:aws:cloudwatch:us-east-1:253650698585:alarm:TargetTracking-service/nurlan-yagublu-dev-cluster/nurlan-yagublu-dev-service-AlarmHigh-3bbc85ee-6be3-4ac3-87b2-aa1f0d72ae49",
              "arn:aws:cloudwatch:us-east-1:253650698585:alarm:TargetTracking-service/nurlan-yagublu-dev-cluster/nurlan-yagublu-dev-service-AlarmLow-842e7dc0-b00d-4431-9e38-484afdbe65a8"
            ],
            "arn": "arn:aws:autoscaling:us-east-1:253650698585:scalingPolicy:e3b18e7d-ef95-49a0-8153-d9dd2a317dcc:resource/ecs/service/nurlan-yagublu-dev-cluster/nurlan-yagublu-dev-service:policyName/nurlan-yagublu-dev-memory-scaling",
            "id": "nurlan-yagublu-dev-memory-scaling",
            "name": "nurlan-yagublu-dev-memory-scaling",
            "policy_type": "TargetTrackingScaling",
            "resource_id": "service/nurlan-yagublu-dev-cluster/nurlan-yagublu-dev-service",
            "scalable_dimension": "ecs:service:DesiredCount",
            "service_namespace": "ecs",
            "step_scaling_policy_configuration": [],
            "target_tracking_scaling_policy_configuration": [
              {
                "customized_metric_specification": [],
                "disable_scale_in": false,
                "predefined_metric_specification": [
                  {
                    "predefined_metric_type": "ECSServiceAverageMemoryUtilization",
                    "resource_label": ""
                  }
                ],
                "scale_in_cooldown": 0,
                "scale_out_cooldown": 0,
                "target_value": 85
              }
            ]
          },
          "sensitive_attributes": [],
          "identity_schema_version": 0,
          "private": "bnVsbA==",
          "dependencies": [
            "module.database.aws_secretsmanager_secret.db_credentials",
            "module.ecs.aws_appautoscaling_target.ecs_target",
            "module.ecs.aws_cloudwatch_log_group.app",
            "module.ecs.aws_ecr_repository.app",
            "module.ecs.aws_ecs_cluster.main",
            "module.ecs.aws_ecs_service.app",
            "module.ecs.aws_ecs_task_definition.app",
            "module.ecs.aws_iam_role.ecs_execution_role",
            "module.ecs.aws_iam_role.ecs_task_role",
            "module.ecs.aws_lb.main",
            "module.ecs.aws_lb_listener.app_http",
            "module.ecs.aws_lb_target_group.app",
            "module.ecs.aws_service_discovery_private_dns_namespace.main",
            "module.ecs.aws_service_discovery_service.app",
            "module.ecs.data.aws_region.current",
            "module.networking.aws_security_group.alb",
            "module.networking.aws_security_group.ecs",
            "module.networking.aws_subnet.private_app",
            "module.networking.aws_subnet.public",
            "module.networking.aws_vpc.main",
            "module.networking.data.aws_availability_zones.available"
          ]
        }
      ]
    },
    {
      "module": "module.ecs",
      "mode": "managed",
      "type": "aws_appautoscaling_target",
      "name": "ecs_target",
      "provider": "provider[\"registry.terraform.io/hashicorp/aws\"]",
      "instances": [
        {
          "index_key": 0,
          "schema_version": 0,
          "attributes": {
            "arn": "arn:aws:application-autoscaling:us-east-1:253650698585:scalable-target/0ec5e3b18e7def9549a08153d9dd2a317dcc",
            "id": "service/nurlan-yagublu-dev-cluster/nurlan-yagublu-dev-service",
            "max_capacity": 2,
            "min_capacity": 1,
            "resource_id": "service/nurlan-yagublu-dev-cluster/nurlan-yagublu-dev-service",
            "role_arn": "arn:aws:iam::253650698585:role/aws-service-role/ecs.application-autoscaling.amazonaws.com/AWSServiceRoleForApplicationAutoScaling_ECSService",
            "scalable_dimension": "ecs:service:DesiredCount",
            "service_namespace": "ecs",
            "suspended_state": [
              {
                "dynamic_scaling_in_suspended": false,
                "dynamic_scaling_out_suspended": false,
                "scheduled_scaling_suspended": false
              }
            ],
            "tags": {
              "CostCenter": "development",
              "Environment": "dev",
              "Name": "nurlan-yagublu-autoscaling-target",
              "Project": "nurlan-yagublu",
              "Type": "AutoScalingTarget",
              "owner": "nurlan.yagublu@nixs.com"
            },
            "tags_all": {
              "CostCenter": "development",
              "Environment": "dev",
              "ManagedBy": "terraform",
              "Name": "nurlan-yagublu-autoscaling-target",
              "Project": "nurlan-yagublu",
              "Type": "AutoScalingTarget",
              "owner": "nurlan.yagublu@nixs.com"
            }
          },
          "sensitive_attributes": [],
          "identity_schema_version": 0,
          "private": "bnVsbA==",
          "dependencies": [
            "module.database.aws_secretsmanager_secret.db_credentials",
            "module.ecs.aws_cloudwatch_log_group.app",
            "module.ecs.aws_ecr_repository.app",
            "module.ecs.aws_ecs_cluster.main",
            "module.ecs.aws_ecs_service.app",
            "module.ecs.aws_ecs_task_definition.app",
            "module.ecs.aws_iam_role.ecs_execution_role",
            "module.ecs.aws_iam_role.ecs_task_role",
            "module.ecs.aws_lb.main",
            "module.ecs.aws_lb_listener.app_http",
            "module.ecs.aws_lb_target_group.app",
            "module.ecs.aws_service_discovery_private_dns_namespace.main",
            "module.ecs.aws_service_discovery_service.app",
            "module.ecs.data.aws_region.current",
            "module.networking.aws_security_group.alb",
            "module.networking.aws_security_group.ecs",
            "module.networking.aws_subnet.private_app",
            "module.networking.aws_subnet.public",
            "module.networking.aws_vpc.main",
            "module.networking.data.aws_availability_zones.available"
          ]
        }
      ]
    },
    {
      "module": "module.ecs",
      "mode": "managed",
      "type": "aws_cloudwatch_log_group",
      "name": "app",
      "provider": "provider[\"registry.terraform.io/hashicorp/aws\"]",
      "instances": [
        {
          "schema_version": 0,
          "attributes": {
            "arn": "arn:aws:logs:us-east-1:253650698585:log-group:/ecs/nurlan-yagublu-dev",
            "id": "/ecs/nurlan-yagublu-dev",
            "kms_key_id": "",
            "log_group_class": "STANDARD",
            "name": "/ecs/nurlan-yagublu-dev",
            "name_prefix": "",
            "retention_in_days": 3,
            "skip_destroy": false,
            "tags": {
              "CostCenter": "development",
              "Environment": "dev",
              "Name": "nurlan-yagublu-ecs-logs",
              "Project": "nurlan-yagublu",
              "Type": "CloudWatchLogGroup",
              "owner": "nurlan.yagublu@nixs.com"
            },
            "tags_all": {
              "CostCenter": "development",
              "Environment": "dev",
              "ManagedBy": "terraform",
              "Name": "nurlan-yagublu-ecs-logs",
              "Project": "nurlan-yagublu",
              "Type": "CloudWatchLogGroup",
              "owner": "nurlan.yagublu@nixs.com"
            }
          },
          "sensitive_attributes": [],
          "identity_schema_version": 0,
          "private": "bnVsbA=="
        }
      ]
    },
    {
      "module": "module.ecs",
      "mode": "managed",
      "type": "aws_ecr_lifecycle_policy",
      "name": "app",
      "provider": "provider[\"registry.terraform.io/hashicorp/aws\"]",
      "instances": [
        {
          "schema_version": 0,
          "attributes": {
            "id": "nurlan-yagublu-dev-flask-api",
            "policy": "{\"rules\":[{\"action\":{\"type\":\"expire\"},\"description\":\"Keep last 10 images\",\"rulePriority\":1,\"selection\":{\"countNumber\":10,\"countType\":\"imageCountMoreThan\",\"tagPrefixList\":[\"v\"],\"tagStatus\":\"tagged\"}},{\"action\":{\"type\":\"expire\"},\"description\":\"Delete untagged images older than 1 day\",\"rulePriority\":2,\"selection\":{\"countNumber\":1,\"countType\":\"sinceImagePushed\",\"countUnit\":\"days\",\"tagStatus\":\"untagged\"}}]}",
            "registry_id": "253650698585",
            "repository": "nurlan-yagublu-dev-flask-api"
          },
          "sensitive_attributes": [],
          "identity_schema_version": 0,
          "private": "bnVsbA==",
          "dependencies": [
            "module.ecs.aws_ecr_repository.app"
          ]
        }
      ]
    },
    {
      "module": "module.ecs",
      "mode": "managed",
      "type": "aws_ecr_repository",
      "name": "app",
      "provider": "provider[\"registry.terraform.io/hashicorp/aws\"]",
      "instances": [
        {
          "schema_version": 0,
          "attributes": {
            "arn": "arn:aws:ecr:us-east-1:253650698585:repository/nurlan-yagublu-dev-flask-api",
            "encryption_configuration": [
              {
                "encryption_type": "AES256",
                "kms_key": ""
              }
            ],
            "force_delete": null,
            "id": "nurlan-yagublu-dev-flask-api",
            "image_scanning_configuration": [
              {
                "scan_on_push": true
              }
            ],
            "image_tag_mutability": "MUTABLE",
            "name": "nurlan-yagublu-dev-flask-api",
            "registry_id": "253650698585",
            "repository_url": "253650698585.dkr.ecr.us-east-1.amazonaws.com/nurlan-yagublu-dev-flask-api",
            "tags": {
              "CostCenter": "development",
              "Environment": "dev",
              "Name": "nurlan-yagublu-ecr-repository",
              "Project": "nurlan-yagublu",
              "Type": "ECRRepository",
              "owner": "nurlan.yagublu@nixs.com"
            },
            "tags_all": {
              "CostCenter": "development",
              "Environment": "dev",
              "ManagedBy": "terraform",
              "Name": "nurlan-yagublu-ecr-repository",
              "Project": "nurlan-yagublu",
              "Type": "ECRRepository",
              "owner": "nurlan.yagublu@nixs.com"
            },
            "timeouts": null
          },
          "sensitive_attributes": [],
          "identity_schema_version": 0,
          "private": "eyJlMmJmYjczMC1lY2FhLTExZTYtOGY4OC0zNDM2M2JjN2M0YzAiOnsiZGVsZXRlIjoxMjAwMDAwMDAwMDAwfX0="
        }
      ]
    },
    {
      "module": "module.ecs",
      "mode": "managed",
      "type": "aws_ecs_cluster",
      "name": "main",
      "provider": "provider[\"registry.terraform.io/hashicorp/aws\"]",
      "instances": [
        {
          "schema_version": 0,
          "attributes": {
            "arn": "arn:aws:ecs:us-east-1:253650698585:cluster/nurlan-yagublu-dev-cluster",
            "configuration": [],
            "id": "arn:aws:ecs:us-east-1:253650698585:cluster/nurlan-yagublu-dev-cluster",
            "name": "nurlan-yagublu-dev-cluster",
            "service_connect_defaults": [],
            "setting": [
              {
                "name": "containerInsights",
                "value": "disabled"
              }
            ],
            "tags": {
              "CostCenter": "development",
              "Environment": "dev",
              "Name": "nurlan-yagublu-ecs-cluster",
              "Project": "nurlan-yagublu",
              "Type": "ECSCluster",
              "owner": "nurlan.yagublu@nixs.com"
            },
            "tags_all": {
              "CostCenter": "development",
              "Environment": "dev",
              "ManagedBy": "terraform",
              "Name": "nurlan-yagublu-ecs-cluster",
              "Project": "nurlan-yagublu",
              "Type": "ECSCluster",
              "owner": "nurlan.yagublu@nixs.com"
            }
          },
          "sensitive_attributes": [],
          "identity_schema_version": 0,
          "private": "bnVsbA=="
        }
      ]
    },
    {
      "module": "module.ecs",
      "mode": "managed",
      "type": "aws_ecs_cluster_capacity_providers",
      "name": "main",
      "provider": "provider[\"registry.terraform.io/hashicorp/aws\"]",
      "instances": [
        {
          "schema_version": 0,
          "attributes": {
            "capacity_providers": [
              "FARGATE",
              "FARGATE_SPOT"
            ],
            "cluster_name": "nurlan-yagublu-dev-cluster",
            "default_capacity_provider_strategy": [
              {
                "base": 0,
                "capacity_provider": "FARGATE_SPOT",
                "weight": 70
              },
              {
                "base": 1,
                "capacity_provider": "FARGATE",
                "weight": 100
              }
            ],
            "id": "nurlan-yagublu-dev-cluster"
          },
          "sensitive_attributes": [],
          "identity_schema_version": 0,
          "private": "bnVsbA==",
          "dependencies": [
            "module.ecs.aws_ecs_cluster.main"
          ]
        }
      ]
    },
    {
      "module": "module.ecs",
      "mode": "managed",
      "type": "aws_ecs_service",
      "name": "app",
      "provider": "provider[\"registry.terraform.io/hashicorp/aws\"]",
      "instances": [
        {
          "schema_version": 1,
          "attributes": {
            "alarms": [],
            "availability_zone_rebalancing": "DISABLED",
            "capacity_provider_strategy": [
              {
                "base": 0,
                "capacity_provider": "FARGATE_SPOT",
                "weight": 70
              },
              {
                "base": 1,
                "capacity_provider": "FARGATE",
                "weight": 100
              }
            ],
            "cluster": "arn:aws:ecs:us-east-1:253650698585:cluster/nurlan-yagublu-dev-cluster",
            "deployment_circuit_breaker": [
              {
                "enable": false,
                "rollback": false
              }
            ],
            "deployment_controller": [
              {
                "type": "ECS"
              }
            ],
            "deployment_maximum_percent": 200,
            "deployment_minimum_healthy_percent": 50,
            "desired_count": 1,
            "enable_ecs_managed_tags": false,
            "enable_execute_command": false,
            "force_delete": null,
            "force_new_deployment": null,
            "health_check_grace_period_seconds": 0,
            "iam_role": "/aws-service-role/ecs.amazonaws.com/AWSServiceRoleForECS",
            "id": "arn:aws:ecs:us-east-1:253650698585:service/nurlan-yagublu-dev-cluster/nurlan-yagublu-dev-service",
            "launch_type": "",
            "load_balancer": [
              {
                "container_name": "flask-api",
                "container_port": 8080,
                "elb_name": "",
                "target_group_arn": "arn:aws:elasticloadbalancing:us-east-1:253650698585:targetgroup/nurlan-yagublu-dev-tg/73f67f52216c2ea6"
              }
            ],
            "name": "nurlan-yagublu-dev-service",
            "network_configuration": [
              {
                "assign_public_ip": false,
                "security_groups": [
                  "sg-077bf51a4b48f4e48"
                ],
                "subnets": [
                  "subnet-08966b4d73842fc3f",
                  "subnet-0f71f2ceae447ff73"
                ]
              }
            ],
            "ordered_placement_strategy": [],
            "placement_constraints": [],
            "platform_version": "LATEST",
            "propagate_tags": "NONE",
            "scheduling_strategy": "REPLICA",
            "service_connect_configuration": [],
            "service_registries": [],
            "tags": {
              "CostCenter": "development",
              "Environment": "dev",
              "Name": "nurlan-yagublu-ecs-service",
              "Project": "nurlan-yagublu",
              "Type": "ECSService",
              "owner": "nurlan.yagublu@nixs.com"
            },
            "tags_all": {
              "CostCenter": "development",
              "Environment": "dev",
              "ManagedBy": "terraform",
              "Name": "nurlan-yagublu-ecs-service",
              "Project": "nurlan-yagublu",
              "Type": "ECSService",
              "owner": "nurlan.yagublu@nixs.com"
            },
            "task_definition": "arn:aws:ecs:us-east-1:253650698585:task-definition/nurlan-yagublu-dev-flask-api:6",
            "timeouts": null,
            "triggers": {},
            "volume_configuration": [],
            "vpc_lattice_configurations": [],
            "wait_for_steady_state": false
          },
          "sensitive_attributes": [],
          "identity_schema_version": 0,
          "private": "eyJlMmJmYjczMC1lY2FhLTExZTYtOGY4OC0zNDM2M2JjN2M0YzAiOnsiY3JlYXRlIjoxMjAwMDAwMDAwMDAwLCJkZWxldGUiOjEyMDAwMDAwMDAwMDAsInVwZGF0ZSI6MTIwMDAwMDAwMDAwMH0sInNjaGVtYV92ZXJzaW9uIjoiMSJ9",
          "dependencies": [
            "module.database.aws_secretsmanager_secret.db_credentials",
            "module.ecs.aws_cloudwatch_log_group.app",
            "module.ecs.aws_ecr_repository.app",
            "module.ecs.aws_ecs_cluster.main",
            "module.ecs.aws_ecs_task_definition.app",
            "module.ecs.aws_iam_role.ecs_execution_role",
            "module.ecs.aws_iam_role.ecs_task_role",
            "module.ecs.aws_lb.main",
            "module.ecs.aws_lb_listener.app_http",
            "module.ecs.aws_lb_target_group.app",
            "module.ecs.aws_service_discovery_private_dns_namespace.main",
            "module.ecs.aws_service_discovery_service.app",
            "module.ecs.data.aws_region.current",
            "module.networking.aws_security_group.alb",
            "module.networking.aws_security_group.ecs",
            "module.networking.aws_subnet.private_app",
            "module.networking.aws_subnet.public",
            "module.networking.aws_vpc.main",
            "module.networking.data.aws_availability_zones.available"
          ]
        }
      ]
    },
    {
      "module": "module.ecs",
      "mode": "managed",
      "type": "aws_ecs_task_definition",
      "name": "app",
      "provider": "provider[\"registry.terraform.io/hashicorp/aws\"]",
      "instances": [
        {
          "schema_version": 1,
          "attributes": {
            "arn": "arn:aws:ecs:us-east-1:253650698585:task-definition/nurlan-yagublu-dev-flask-api:6",
            "arn_without_revision": "arn:aws:ecs:us-east-1:253650698585:task-definition/nurlan-yagublu-dev-flask-api",
            "container_definitions": "[{\"environment\":[{\"name\":\"AWS_DEFAULT_REGION\",\"value\":\"us-east-1\"},{\"name\":\"ENV\",\"value\":\"dev\"},{\"name\":\"PORT\",\"value\":\"8080\"}],\"essential\":true,\"healthCheck\":{\"command\":[\"CMD-SHELL\",\"curl -f http://localhost:8080/api/health || exit 1\"],\"interval\":30,\"retries\":3,\"startPeriod\":60,\"timeout\":5},\"image\":\"253650698585.dkr.ecr.us-east-1.amazonaws.com/nurlan-yagublu-dev-flask-api:latest\",\"logConfiguration\":{\"logDriver\":\"awslogs\",\"options\":{\"awslogs-group\":\"/ecs/nurlan-yagublu-dev\",\"awslogs-region\":\"us-east-1\",\"awslogs-stream-prefix\":\"ecs\"}},\"mountPoints\":[],\"name\":\"flask-api\",\"portMappings\":[{\"containerPort\":8080,\"hostPort\":8080,\"protocol\":\"tcp\"}],\"secrets\":[{\"name\":\"POSTGRES_DB\",\"valueFrom\":\"arn:aws:secretsmanager:us-east-1:253650698585:secret:nurlan-yagublu-dev-db-credentials-KYpslA:dbname::\"},{\"name\":\"POSTGRES_HOST\",\"valueFrom\":\"arn:aws:secretsmanager:us-east-1:253650698585:secret:nurlan-yagublu-dev-db-credentials-KYpslA:host::\"},{\"name\":\"POSTGRES_PASSWORD\",\"valueFrom\":\"arn:aws:secretsmanager:us-east-1:253650698585:secret:nurlan-yagublu-dev-db-credentials-KYpslA:password::\"},{\"name\":\"POSTGRES_PORT\",\"valueFrom\":\"arn:aws:secretsmanager:us-east-1:253650698585:secret:nurlan-yagublu-dev-db-credentials-KYpslA:port::\"},{\"name\":\"POSTGRES_USER\",\"valueFrom\":\"arn:aws:secretsmanager:us-east-1:253650698585:secret:nurlan-yagublu-dev-db-credentials-KYpslA:username::\"}],\"systemControls\":[],\"ulimits\":[{\"hardLimit\":65536,\"name\":\"nofile\",\"softLimit\":65536}],\"volumesFrom\":[]}]",
            "cpu": "256",
            "enable_fault_injection": false,
            "ephemeral_storage": [],
            "execution_role_arn": "arn:aws:iam::253650698585:role/nurlan-yagublu-dev-ecs-execution-role",
            "family": "nurlan-yagublu-dev-flask-api",
            "id": "nurlan-yagublu-dev-flask-api",
            "inference_accelerator": [],
            "ipc_mode": "",
            "memory": "512",
            "network_mode": "awsvpc",
            "pid_mode": "",
            "placement_constraints": [],
            "proxy_configuration": [],
            "requires_compatibilities": [
              "FARGATE"
            ],
            "revision": 6,
            "runtime_platform": [],
            "skip_destroy": false,
            "tags": {
              "CostCenter": "development",
              "Environment": "dev",
              "Name": "nurlan-yagublu-task-definition",
              "Project": "nurlan-yagublu",
              "Type": "ECSTaskDefinition",
              "owner": "nurlan.yagublu@nixs.com"
            },
            "tags_all": {
              "CostCenter": "development",
              "Environment": "dev",
              "ManagedBy": "terraform",
              "Name": "nurlan-yagublu-task-definition",
              "Project": "nurlan-yagublu",
              "Type": "ECSTaskDefinition",
              "owner": "nurlan.yagublu@nixs.com"
            },
            "task_role_arn": "arn:aws:iam::253650698585:role/nurlan-yagublu-dev-ecs-task-role",
            "track_latest": false,
            "volume": []
          },
          "sensitive_attributes": [],
          "identity_schema_version": 0,
          "private": "eyJzY2hlbWFfdmVyc2lvbiI6IjEifQ==",
          "dependencies": [
            "module.database.aws_secretsmanager_secret.db_credentials",
            "module.ecs.aws_cloudwatch_log_group.app",
            "module.ecs.aws_ecr_repository.app",
            "module.ecs.aws_iam_role.ecs_execution_role",
            "module.ecs.aws_iam_role.ecs_task_role",
            "module.ecs.data.aws_region.current"
          ]
        }
      ]
    },
    {
      "module": "module.ecs",
      "mode": "managed",
      "type": "aws_iam_role",
      "name": "ecs_execution_role",
      "provider": "provider[\"registry.terraform.io/hashicorp/aws\"]",
      "instances": [
        {
          "schema_version": 0,
          "attributes": {
            "arn": "arn:aws:iam::253650698585:role/nurlan-yagublu-dev-ecs-execution-role",
            "assume_role_policy": "{\"Statement\":[{\"Action\":\"sts:AssumeRole\",\"Effect\":\"Allow\",\"Principal\":{\"Service\":\"ecs-tasks.amazonaws.com\"}}],\"Version\":\"2012-10-17\"}",
            "create_date": "2025-06-25T08:28:07Z",
            "description": "",
            "force_detach_policies": false,
            "id": "nurlan-yagublu-dev-ecs-execution-role",
            "inline_policy": [
              {
                "name": "nurlan-yagublu-dev-ecs-logs-policy",
                "policy": "{\"Version\":\"2012-10-17\",\"Statement\":[{\"Action\":[\"logs:CreateLogStream\",\"logs:PutLogEvents\"],\"Effect\":\"Allow\",\"Resource\":\"arn:aws:logs:us-east-1:253650698585:log-group:/ecs/nurlan-yagublu-dev:*\"}]}"
              },
              {
                "name": "nurlan-yagublu-dev-ecs-secrets-policy",
                "policy": "{\"Version\":\"2012-10-17\",\"Statement\":[{\"Action\":[\"secretsmanager:GetSecretValue\"],\"Effect\":\"Allow\",\"Resource\":\"arn:aws:secretsmanager:us-east-1:253650698585:secret:nurlan-yagublu-dev-db-credentials-KYpslA\"}]}"
              }
            ],
            "managed_policy_arns": [
              "arn:aws:iam::253650698585:policy/nurlan-yagublu-dev-ecs-secrets-policy",
              "arn:aws:iam::aws:policy/service-role/AmazonECSTaskExecutionRolePolicy"
            ],
            "max_session_duration": 3600,
            "name": "nurlan-yagublu-dev-ecs-execution-role",
            "name_prefix": "",
            "path": "/",
            "permissions_boundary": "",
            "tags": {
              "CostCenter": "development",
              "Environment": "dev",
              "Name": "nurlan-yagublu-ecs-execution-role",
              "Project": "nurlan-yagublu",
              "Type": "IAMRole",
              "owner": "nurlan.yagublu@nixs.com"
            },
            "tags_all": {
              "CostCenter": "development",
              "Environment": "dev",
              "ManagedBy": "terraform",
              "Name": "nurlan-yagublu-ecs-execution-role",
              "Project": "nurlan-yagublu",
              "Type": "IAMRole",
              "owner": "nurlan.yagublu@nixs.com"
            },
            "unique_id": "AROATWDWCQFMW644M5PDL"
          },
          "sensitive_attributes": [],
          "identity_schema_version": 0,
          "private": "bnVsbA=="
        }
      ]
    },
    {
      "module": "module.ecs",
      "mode": "managed",
      "type": "aws_iam_role",
      "name": "ecs_task_role",
      "provider": "provider[\"registry.terraform.io/hashicorp/aws\"]",
      "instances": [
        {
          "schema_version": 0,
          "attributes": {
            "arn": "arn:aws:iam::253650698585:role/nurlan-yagublu-dev-ecs-task-role",
            "assume_role_policy": "{\"Statement\":[{\"Action\":\"sts:AssumeRole\",\"Effect\":\"Allow\",\"Principal\":{\"Service\":\"ecs-tasks.amazonaws.com\"}}],\"Version\":\"2012-10-17\"}",
            "create_date": "2025-06-25T08:28:06Z",
            "description": "",
            "force_detach_policies": false,
            "id": "nurlan-yagublu-dev-ecs-task-role",
            "inline_policy": [
              {
                "name": "nurlan-yagublu-dev-ecs-task-policy",
                "policy": "{\"Version\":\"2012-10-17\",\"Statement\":[{\"Action\":[\"secretsmanager:GetSecretValue\"],\"Effect\":\"Allow\",\"Resource\":\"arn:aws:secretsmanager:us-east-1:253650698585:secret:nurlan-yagublu-dev-db-credentials-KYpslA\"},{\"Action\":[\"logs:CreateLogGroup\",\"logs:CreateLogStream\",\"logs:PutLogEvents\"],\"Effect\":\"Allow\",\"Resource\":\"arn:aws:logs:us-east-1:253650698585:log-group:/aws/ecs/*\"}]}"
              }
            ],
            "managed_policy_arns": [],
            "max_session_duration": 3600,
            "name": "nurlan-yagublu-dev-ecs-task-role",
            "name_prefix": "",
            "path": "/",
            "permissions_boundary": "",
            "tags": {
              "CostCenter": "development",
              "Environment": "dev",
              "Name": "nurlan-yagublu-ecs-task-role",
              "Project": "nurlan-yagublu",
              "Type": "IAMRole",
              "owner": "nurlan.yagublu@nixs.com"
            },
            "tags_all": {
              "CostCenter": "development",
              "Environment": "dev",
              "ManagedBy": "terraform",
              "Name": "nurlan-yagublu-ecs-task-role",
              "Project": "nurlan-yagublu",
              "Type": "IAMRole",
              "owner": "nurlan.yagublu@nixs.com"
            },
            "unique_id": "AROATWDWCQFM7P272BKK7"
          },
          "sensitive_attributes": [],
          "identity_schema_version": 0,
          "private": "bnVsbA=="
        }
      ]
    },
    {
      "module": "module.ecs",
      "mode": "managed",
      "type": "aws_iam_role_policy",
      "name": "ecs_logs_policy",
      "provider": "provider[\"registry.terraform.io/hashicorp/aws\"]",
      "instances": [
        {
          "schema_version": 0,
          "attributes": {
            "id": "nurlan-yagublu-dev-ecs-execution-role:nurlan-yagublu-dev-ecs-logs-policy",
            "name": "nurlan-yagublu-dev-ecs-logs-policy",
            "name_prefix": "",
            "policy": "{\"Version\":\"2012-10-17\",\"Statement\":[{\"Action\":[\"logs:CreateLogStream\",\"logs:PutLogEvents\"],\"Effect\":\"Allow\",\"Resource\":\"arn:aws:logs:us-east-1:253650698585:log-group:/ecs/nurlan-yagublu-dev:*\"}]}",
            "role": "nurlan-yagublu-dev-ecs-execution-role"
          },
          "sensitive_attributes": [],
          "identity_schema_version": 0,
          "private": "bnVsbA==",
          "dependencies": [
            "module.ecs.aws_cloudwatch_log_group.app",
            "module.ecs.aws_iam_role.ecs_execution_role"
          ]
        }
      ]
    },
    {
      "module": "module.ecs",
      "mode": "managed",
      "type": "aws_iam_role_policy",
      "name": "ecs_secrets_policy",
      "provider": "provider[\"registry.terraform.io/hashicorp/aws\"]",
      "instances": [
        {
          "schema_version": 0,
          "attributes": {
            "id": "nurlan-yagublu-dev-ecs-execution-role:nurlan-yagublu-dev-ecs-secrets-policy",
            "name": "nurlan-yagublu-dev-ecs-secrets-policy",
            "name_prefix": "",
            "policy": "{\"Version\":\"2012-10-17\",\"Statement\":[{\"Action\":[\"secretsmanager:GetSecretValue\"],\"Effect\":\"Allow\",\"Resource\":\"arn:aws:secretsmanager:us-east-1:253650698585:secret:nurlan-yagublu-dev-db-credentials-KYpslA\"}]}",
            "role": "nurlan-yagublu-dev-ecs-execution-role"
          },
          "sensitive_attributes": [],
          "identity_schema_version": 0,
          "private": "bnVsbA==",
          "dependencies": [
            "module.database.aws_secretsmanager_secret.db_credentials",
            "module.ecs.aws_iam_role.ecs_execution_role"
          ]
        }
      ]
    },
    {
      "module": "module.ecs",
      "mode": "managed",
      "type": "aws_iam_role_policy",
      "name": "ecs_task_policy",
      "provider": "provider[\"registry.terraform.io/hashicorp/aws\"]",
      "instances": [
        {
          "schema_version": 0,
          "attributes": {
            "id": "nurlan-yagublu-dev-ecs-task-role:nurlan-yagublu-dev-ecs-task-policy",
            "name": "nurlan-yagublu-dev-ecs-task-policy",
            "name_prefix": "",
            "policy": "{\"Version\":\"2012-10-17\",\"Statement\":[{\"Action\":[\"secretsmanager:GetSecretValue\"],\"Effect\":\"Allow\",\"Resource\":\"arn:aws:secretsmanager:us-east-1:253650698585:secret:nurlan-yagublu-dev-db-credentials-KYpslA\"},{\"Action\":[\"logs:CreateLogGroup\",\"logs:CreateLogStream\",\"logs:PutLogEvents\"],\"Effect\":\"Allow\",\"Resource\":\"arn:aws:logs:us-east-1:253650698585:log-group:/aws/ecs/*\"}]}",
            "role": "nurlan-yagublu-dev-ecs-task-role"
          },
          "sensitive_attributes": [],
          "identity_schema_version": 0,
          "private": "bnVsbA==",
          "dependencies": [
            "module.database.aws_secretsmanager_secret.db_credentials",
            "module.ecs.aws_iam_role.ecs_task_role",
            "module.ecs.data.aws_caller_identity.current",
            "module.ecs.data.aws_region.current"
          ]
        }
      ]
    },
    {
      "module": "module.ecs",
      "mode": "managed",
      "type": "aws_iam_role_policy_attachment",
      "name": "ecs_execution_role_policy",
      "provider": "provider[\"registry.terraform.io/hashicorp/aws\"]",
      "instances": [
        {
          "schema_version": 0,
          "attributes": {
            "id": "nurlan-yagublu-dev-ecs-execution-role-20250625082808456600000002",
            "policy_arn": "arn:aws:iam::aws:policy/service-role/AmazonECSTaskExecutionRolePolicy",
            "role": "nurlan-yagublu-dev-ecs-execution-role"
          },
          "sensitive_attributes": [],
          "identity_schema_version": 0,
          "private": "bnVsbA==",
          "dependencies": [
            "module.ecs.aws_iam_role.ecs_execution_role"
          ]
        }
      ]
    },
    {
      "module": "module.ecs",
      "mode": "managed",
      "type": "aws_lb",
      "name": "main",
      "provider": "provider[\"registry.terraform.io/hashicorp/aws\"]",
      "instances": [
        {
          "schema_version": 0,
          "attributes": {
            "access_logs": [
              {
                "bucket": "",
                "enabled": false,
                "prefix": ""
              }
            ],
            "arn": "arn:aws:elasticloadbalancing:us-east-1:253650698585:loadbalancer/app/nurlan-yagublu-dev-alb/3ca31ddbd9a432ab",
            "arn_suffix": "app/nurlan-yagublu-dev-alb/3ca31ddbd9a432ab",
            "client_keep_alive": 3600,
            "connection_logs": [
              {
                "bucket": "",
                "enabled": false,
                "prefix": ""
              }
            ],
            "customer_owned_ipv4_pool": "",
            "desync_mitigation_mode": "defensive",
            "dns_name": "nurlan-yagublu-dev-alb-668326209.us-east-1.elb.amazonaws.com",
            "dns_record_client_routing_policy": null,
            "drop_invalid_header_fields": false,
            "enable_cross_zone_load_balancing": true,
            "enable_deletion_protection": false,
            "enable_http2": true,
            "enable_tls_version_and_cipher_suite_headers": false,
            "enable_waf_fail_open": false,
            "enable_xff_client_port": false,
            "enable_zonal_shift": false,
            "enforce_security_group_inbound_rules_on_private_link_traffic": "",
            "id": "arn:aws:elasticloadbalancing:us-east-1:253650698585:loadbalancer/app/nurlan-yagublu-dev-alb/3ca31ddbd9a432ab",
            "idle_timeout": 60,
            "internal": false,
            "ip_address_type": "ipv4",
            "ipam_pools": [],
            "load_balancer_type": "application",
            "minimum_load_balancer_capacity": [],
            "name": "nurlan-yagublu-dev-alb",
            "name_prefix": "",
            "preserve_host_header": false,
            "security_groups": [
              "sg-004474a7b1b889481"
            ],
            "subnet_mapping": [
              {
                "allocation_id": "",
                "ipv6_address": "",
                "outpost_id": "",
                "private_ipv4_address": "",
                "subnet_id": "subnet-082d4f58bbdd5bee4"
              },
              {
                "allocation_id": "",
                "ipv6_address": "",
                "outpost_id": "",
                "private_ipv4_address": "",
                "subnet_id": "subnet-098a63593f409e4c7"
              }
            ],
            "subnets": [
              "subnet-082d4f58bbdd5bee4",
              "subnet-098a63593f409e4c7"
            ],
            "tags": {
              "CostCenter": "development",
              "Environment": "dev",
              "Name": "nurlan-yagublu-alb",
              "Project": "nurlan-yagublu",
              "Type": "ApplicationLoadBalancer",
              "owner": "nurlan.yagublu@nixs.com"
            },
            "tags_all": {
              "CostCenter": "development",
              "Environment": "dev",
              "ManagedBy": "terraform",
              "Name": "nurlan-yagublu-alb",
              "Project": "nurlan-yagublu",
              "Type": "ApplicationLoadBalancer",
              "owner": "nurlan.yagublu@nixs.com"
            },
            "timeouts": null,
            "vpc_id": "vpc-070cab3b44e064fa9",
            "xff_header_processing_mode": "append",
            "zone_id": "Z35SXDOTRQ7X7K"
          },
          "sensitive_attributes": [],
          "identity_schema_version": 0,
          "private": "eyJlMmJmYjczMC1lY2FhLTExZTYtOGY4OC0zNDM2M2JjN2M0YzAiOnsiY3JlYXRlIjo2MDAwMDAwMDAwMDAsImRlbGV0ZSI6NjAwMDAwMDAwMDAwLCJ1cGRhdGUiOjYwMDAwMDAwMDAwMH19",
          "dependencies": [
            "module.networking.aws_security_group.alb",
            "module.networking.aws_subnet.public",
            "module.networking.aws_vpc.main",
            "module.networking.data.aws_availability_zones.available"
          ]
        }
      ]
    },
    {
      "module": "module.ecs",
      "mode": "managed",
      "type": "aws_lb_listener",
      "name": "app_http",
      "provider": "provider[\"registry.terraform.io/hashicorp/aws\"]",
      "instances": [
        {
          "schema_version": 0,
          "attributes": {
            "alpn_policy": null,
            "arn": "arn:aws:elasticloadbalancing:us-east-1:253650698585:listener/app/nurlan-yagublu-dev-alb/3ca31ddbd9a432ab/7bc79f1ac6e58c64",
            "certificate_arn": null,
            "default_action": [
              {
                "authenticate_cognito": [],
                "authenticate_oidc": [],
                "fixed_response": [],
                "forward": [],
                "order": 1,
                "redirect": [
                  {
                    "host": "#{host}",
                    "path": "/#{path}",
                    "port": "443",
                    "protocol": "HTTPS",
                    "query": "#{query}",
                    "status_code": "HTTP_301"
                  }
                ],
                "target_group_arn": "",
                "type": "redirect"
              }
            ],
            "id": "arn:aws:elasticloadbalancing:us-east-1:253650698585:listener/app/nurlan-yagublu-dev-alb/3ca31ddbd9a432ab/7bc79f1ac6e58c64",
            "load_balancer_arn": "arn:aws:elasticloadbalancing:us-east-1:253650698585:loadbalancer/app/nurlan-yagublu-dev-alb/3ca31ddbd9a432ab",
            "mutual_authentication": [],
            "port": 80,
            "protocol": "HTTP",
            "routing_http_request_x_amzn_mtls_clientcert_header_name": null,
            "routing_http_request_x_amzn_mtls_clientcert_issuer_header_name": null,
            "routing_http_request_x_amzn_mtls_clientcert_leaf_header_name": null,
            "routing_http_request_x_amzn_mtls_clientcert_serial_number_header_name": null,
            "routing_http_request_x_amzn_mtls_clientcert_subject_header_name": null,
            "routing_http_request_x_amzn_mtls_clientcert_validity_header_name": null,
            "routing_http_request_x_amzn_tls_cipher_suite_header_name": null,
            "routing_http_request_x_amzn_tls_version_header_name": null,
            "routing_http_response_access_control_allow_credentials_header_value": "",
            "routing_http_response_access_control_allow_headers_header_value": "",
            "routing_http_response_access_control_allow_methods_header_value": "",
            "routing_http_response_access_control_allow_origin_header_value": "",
            "routing_http_response_access_control_expose_headers_header_value": "",
            "routing_http_response_access_control_max_age_header_value": "",
            "routing_http_response_content_security_policy_header_value": "",
            "routing_http_response_server_enabled": true,
            "routing_http_response_strict_transport_security_header_value": "",
            "routing_http_response_x_content_type_options_header_value": "",
            "routing_http_response_x_frame_options_header_value": "",
            "ssl_policy": "",
            "tags": {
              "CostCenter": "development",
              "Environment": "dev",
              "Name": "nurlan-yagublu-alb-listener-http",
              "Project": "nurlan-yagublu",
              "Type": "ALBListener",
              "owner": "nurlan.yagublu@nixs.com"
            },
            "tags_all": {
              "CostCenter": "development",
              "Environment": "dev",
              "ManagedBy": "terraform",
              "Name": "nurlan-yagublu-alb-listener-http",
              "Project": "nurlan-yagublu",
              "Type": "ALBListener",
              "owner": "nurlan.yagublu@nixs.com"
            },
            "tcp_idle_timeout_seconds": null,
            "timeouts": null
          },
          "sensitive_attributes": [],
          "identity_schema_version": 0,
          "private": "eyJlMmJmYjczMC1lY2FhLTExZTYtOGY4OC0zNDM2M2JjN2M0YzAiOnsiY3JlYXRlIjozMDAwMDAwMDAwMDAsInVwZGF0ZSI6MzAwMDAwMDAwMDAwfX0=",
          "dependencies": [
            "module.ecs.aws_lb.main",
            "module.ecs.aws_lb_target_group.app",
            "module.networking.aws_security_group.alb",
            "module.networking.aws_subnet.public",
            "module.networking.aws_vpc.main",
            "module.networking.data.aws_availability_zones.available"
          ]
        }
      ]
    },
    {
      "module": "module.ecs",
      "mode": "managed",
      "type": "aws_lb_listener",
      "name": "app_https",
      "provider": "provider[\"registry.terraform.io/hashicorp/aws\"]",
      "instances": [
        {
          "index_key": 0,
          "schema_version": 0,
          "attributes": {
            "alpn_policy": null,
            "arn": "arn:aws:elasticloadbalancing:us-east-1:253650698585:listener/app/nurlan-yagublu-dev-alb/3ca31ddbd9a432ab/c8782bc4a0b87ad8",
            "certificate_arn": "arn:aws:acm:us-east-1:253650698585:certificate/f2d274b0-2fe3-47eb-8558-4cae3e9b7502",
            "default_action": [
              {
                "authenticate_cognito": [],
                "authenticate_oidc": [],
                "fixed_response": [],
                "forward": [],
                "order": 1,
                "redirect": [],
                "target_group_arn": "arn:aws:elasticloadbalancing:us-east-1:253650698585:targetgroup/nurlan-yagublu-dev-tg/73f67f52216c2ea6",
                "type": "forward"
              }
            ],
            "id": "arn:aws:elasticloadbalancing:us-east-1:253650698585:listener/app/nurlan-yagublu-dev-alb/3ca31ddbd9a432ab/c8782bc4a0b87ad8",
            "load_balancer_arn": "arn:aws:elasticloadbalancing:us-east-1:253650698585:loadbalancer/app/nurlan-yagublu-dev-alb/3ca31ddbd9a432ab",
            "mutual_authentication": [
              {
                "advertise_trust_store_ca_names": "",
                "ignore_client_certificate_expiry": false,
                "mode": "off",
                "trust_store_arn": ""
              }
            ],
            "port": 443,
            "protocol": "HTTPS",
            "routing_http_request_x_amzn_mtls_clientcert_header_name": "",
            "routing_http_request_x_amzn_mtls_clientcert_issuer_header_name": "",
            "routing_http_request_x_amzn_mtls_clientcert_leaf_header_name": "",
            "routing_http_request_x_amzn_mtls_clientcert_serial_number_header_name": "",
            "routing_http_request_x_amzn_mtls_clientcert_subject_header_name": "",
            "routing_http_request_x_amzn_mtls_clientcert_validity_header_name": "",
            "routing_http_request_x_amzn_tls_cipher_suite_header_name": "",
            "routing_http_request_x_amzn_tls_version_header_name": "",
            "routing_http_response_access_control_allow_credentials_header_value": "",
            "routing_http_response_access_control_allow_headers_header_value": "",
            "routing_http_response_access_control_allow_methods_header_value": "",
            "routing_http_response_access_control_allow_origin_header_value": "",
            "routing_http_response_access_control_expose_headers_header_value": "",
            "routing_http_response_access_control_max_age_header_value": "",
            "routing_http_response_content_security_policy_header_value": "",
            "routing_http_response_server_enabled": true,
            "routing_http_response_strict_transport_security_header_value": "",
            "routing_http_response_x_content_type_options_header_value": "",
            "routing_http_response_x_frame_options_header_value": "",
            "ssl_policy": "ELBSecurityPolicy-TLS-1-2-2017-01",
            "tags": {
              "CostCenter": "development",
              "Environment": "dev",
              "Name": "nurlan-yagublu-alb-listener-https",
              "Project": "nurlan-yagublu",
              "Type": "ALBListener",
              "owner": "nurlan.yagublu@nixs.com"
            },
            "tags_all": {
              "CostCenter": "development",
              "Environment": "dev",
              "ManagedBy": "terraform",
              "Name": "nurlan-yagublu-alb-listener-https",
              "Project": "nurlan-yagublu",
              "Type": "ALBListener",
              "owner": "nurlan.yagublu@nixs.com"
            },
            "tcp_idle_timeout_seconds": null,
            "timeouts": null
          },
          "sensitive_attributes": [],
          "identity_schema_version": 0,
          "private": "eyJlMmJmYjczMC1lY2FhLTExZTYtOGY4OC0zNDM2M2JjN2M0YzAiOnsiY3JlYXRlIjozMDAwMDAwMDAwMDAsInVwZGF0ZSI6MzAwMDAwMDAwMDAwfX0=",
          "dependencies": [
            "module.ecs.aws_lb.main",
            "module.ecs.aws_lb_target_group.app",
            "module.networking.aws_security_group.alb",
            "module.networking.aws_subnet.public",
            "module.networking.aws_vpc.main",
            "module.networking.data.aws_availability_zones.available",
            "module.route53.aws_acm_certificate.main"
          ]
        }
      ]
    },
    {
      "module": "module.ecs",
      "mode": "managed",
      "type": "aws_lb_target_group",
      "name": "app",
      "provider": "provider[\"registry.terraform.io/hashicorp/aws\"]",
      "instances": [
        {
          "schema_version": 0,
          "attributes": {
            "arn": "arn:aws:elasticloadbalancing:us-east-1:253650698585:targetgroup/nurlan-yagublu-dev-tg/73f67f52216c2ea6",
            "arn_suffix": "targetgroup/nurlan-yagublu-dev-tg/73f67f52216c2ea6",
            "connection_termination": null,
            "deregistration_delay": "300",
            "health_check": [
              {
                "enabled": true,
                "healthy_threshold": 2,
                "interval": 30,
                "matcher": "200",
                "path": "/api/health",
                "port": "traffic-port",
                "protocol": "HTTP",
                "timeout": 5,
                "unhealthy_threshold": 2
              }
            ],
            "id": "arn:aws:elasticloadbalancing:us-east-1:253650698585:targetgroup/nurlan-yagublu-dev-tg/73f67f52216c2ea6",
            "ip_address_type": "ipv4",
            "lambda_multi_value_headers_enabled": false,
            "load_balancer_arns": [
              "arn:aws:elasticloadbalancing:us-east-1:253650698585:loadbalancer/app/nurlan-yagublu-dev-alb/3ca31ddbd9a432ab"
            ],
            "load_balancing_algorithm_type": "round_robin",
            "load_balancing_anomaly_mitigation": "off",
            "load_balancing_cross_zone_enabled": "use_load_balancer_configuration",
            "name": "nurlan-yagublu-dev-tg",
            "name_prefix": "",
            "port": 8080,
            "preserve_client_ip": null,
            "protocol": "HTTP",
            "protocol_version": "HTTP1",
            "proxy_protocol_v2": false,
            "slow_start": 0,
            "stickiness": [
              {
                "cookie_duration": 86400,
                "cookie_name": "",
                "enabled": false,
                "type": "lb_cookie"
              }
            ],
            "tags": {
              "CostCenter": "development",
              "Environment": "dev",
              "Name": "nurlan-yagublu-target-group",
              "Project": "nurlan-yagublu",
              "Type": "ALBTargetGroup",
              "owner": "nurlan.yagublu@nixs.com"
            },
            "tags_all": {
              "CostCenter": "development",
              "Environment": "dev",
              "ManagedBy": "terraform",
              "Name": "nurlan-yagublu-target-group",
              "Project": "nurlan-yagublu",
              "Type": "ALBTargetGroup",
              "owner": "nurlan.yagublu@nixs.com"
            },
            "target_failover": [
              {
                "on_deregistration": null,
                "on_unhealthy": null
              }
            ],
            "target_group_health": [
              {
                "dns_failover": [
                  {
                    "minimum_healthy_targets_count": "1",
                    "minimum_healthy_targets_percentage": "off"
                  }
                ],
                "unhealthy_state_routing": [
                  {
                    "minimum_healthy_targets_count": 1,
                    "minimum_healthy_targets_percentage": "off"
                  }
                ]
              }
            ],
            "target_health_state": [
              {
                "enable_unhealthy_connection_termination": null,
                "unhealthy_draining_interval": null
              }
            ],
            "target_type": "ip",
            "vpc_id": "vpc-070cab3b44e064fa9"
          },
          "sensitive_attributes": [],
          "identity_schema_version": 0,
          "private": "bnVsbA==",
          "dependencies": [
            "module.networking.aws_vpc.main"
          ]
        }
      ]
    },
    {
      "module": "module.networking",
      "mode": "data",
      "type": "aws_availability_zones",
      "name": "available",
      "provider": "provider[\"registry.terraform.io/hashicorp/aws\"]",
      "instances": [
        {
          "schema_version": 0,
          "attributes": {
            "all_availability_zones": null,
            "exclude_names": null,
            "exclude_zone_ids": null,
            "filter": null,
            "group_names": [
              "us-east-1-zg-1"
            ],
            "id": "us-east-1",
            "names": [
              "us-east-1a",
              "us-east-1b",
              "us-east-1c",
              "us-east-1d",
              "us-east-1e",
              "us-east-1f"
            ],
            "state": "available",
            "timeouts": null,
            "zone_ids": [
              "use1-az1",
              "use1-az2",
              "use1-az4",
              "use1-az6",
              "use1-az3",
              "use1-az5"
            ]
          },
          "sensitive_attributes": [],
          "identity_schema_version": 0
        }
      ]
    },
    {
      "module": "module.networking",
      "mode": "data",
      "type": "aws_region",
      "name": "current",
      "provider": "provider[\"registry.terraform.io/hashicorp/aws\"]",
      "instances": [
        {
          "schema_version": 0,
          "attributes": {
            "description": "US East (N. Virginia)",
            "endpoint": "ec2.us-east-1.amazonaws.com",
            "id": "us-east-1",
            "name": "us-east-1"
          },
          "sensitive_attributes": [],
          "identity_schema_version": 0
        }
      ]
    },
    {
      "module": "module.networking",
      "mode": "managed",
      "type": "aws_eip",
      "name": "nat",
      "provider": "provider[\"registry.terraform.io/hashicorp/aws\"]",
      "instances": [
        {
          "index_key": 0,
          "schema_version": 0,
          "attributes": {
            "address": null,
            "allocation_id": "eipalloc-04743f2af690174b4",
            "arn": "arn:aws:ec2:us-east-1:253650698585:elastic-ip/eipalloc-04743f2af690174b4",
            "associate_with_private_ip": null,
            "association_id": "eipassoc-0a689993cc357161a",
            "carrier_ip": "",
            "customer_owned_ip": "",
            "customer_owned_ipv4_pool": "",
            "domain": "vpc",
            "id": "eipalloc-04743f2af690174b4",
            "instance": "",
            "ipam_pool_id": null,
            "network_border_group": "us-east-1",
            "network_interface": "eni-03aad9222dd7a9863",
            "private_dns": "ip-10-0-1-89.ec2.internal",
            "private_ip": "10.0.1.89",
            "ptr_record": "",
            "public_dns": "ec2-44-210-204-171.compute-1.amazonaws.com",
            "public_ip": "44.210.204.171",
            "public_ipv4_pool": "amazon",
            "tags": {
              "CostCenter": "development",
              "Environment": "dev",
              "Name": "nurlan-yagublu-nat-eip-1",
              "Project": "nurlan-yagublu",
              "Type": "ElasticIP",
              "owner": "nurlan.yagublu@nixs.com"
            },
            "tags_all": {
              "CostCenter": "development",
              "Environment": "dev",
              "ManagedBy": "terraform",
              "Name": "nurlan-yagublu-nat-eip-1",
              "Project": "nurlan-yagublu",
              "Type": "ElasticIP",
              "owner": "nurlan.yagublu@nixs.com"
            },
            "timeouts": null,
            "vpc": true
          },
          "sensitive_attributes": [],
          "identity_schema_version": 0,
          "private": "eyJlMmJmYjczMC1lY2FhLTExZTYtOGY4OC0zNDM2M2JjN2M0YzAiOnsiZGVsZXRlIjoxODAwMDAwMDAwMDAsInJlYWQiOjkwMDAwMDAwMDAwMCwidXBkYXRlIjozMDAwMDAwMDAwMDB9fQ==",
          "dependencies": [
            "module.networking.aws_internet_gateway.main",
            "module.networking.aws_vpc.main"
          ]
        },
        {
          "index_key": 1,
          "schema_version": 0,
          "attributes": {
            "address": null,
            "allocation_id": "eipalloc-05c8b952e8c56bf35",
            "arn": "arn:aws:ec2:us-east-1:253650698585:elastic-ip/eipalloc-05c8b952e8c56bf35",
            "associate_with_private_ip": null,
            "association_id": "eipassoc-0344abea38fd8a2ab",
            "carrier_ip": "",
            "customer_owned_ip": "",
            "customer_owned_ipv4_pool": "",
            "domain": "vpc",
            "id": "eipalloc-05c8b952e8c56bf35",
            "instance": "",
            "ipam_pool_id": null,
            "network_border_group": "us-east-1",
            "network_interface": "eni-09bb2bce5eb1ddf82",
            "private_dns": "ip-10-0-2-80.ec2.internal",
            "private_ip": "10.0.2.80",
            "ptr_record": "",
            "public_dns": "ec2-52-21-141-255.compute-1.amazonaws.com",
            "public_ip": "52.21.141.255",
            "public_ipv4_pool": "amazon",
            "tags": {
              "CostCenter": "development",
              "Environment": "dev",
              "Name": "nurlan-yagublu-nat-eip-2",
              "Project": "nurlan-yagublu",
              "Type": "ElasticIP",
              "owner": "nurlan.yagublu@nixs.com"
            },
            "tags_all": {
              "CostCenter": "development",
              "Environment": "dev",
              "ManagedBy": "terraform",
              "Name": "nurlan-yagublu-nat-eip-2",
              "Project": "nurlan-yagublu",
              "Type": "ElasticIP",
              "owner": "nurlan.yagublu@nixs.com"
            },
            "timeouts": null,
            "vpc": true
          },
          "sensitive_attributes": [],
          "identity_schema_version": 0,
          "private": "eyJlMmJmYjczMC1lY2FhLTExZTYtOGY4OC0zNDM2M2JjN2M0YzAiOnsiZGVsZXRlIjoxODAwMDAwMDAwMDAsInJlYWQiOjkwMDAwMDAwMDAwMCwidXBkYXRlIjozMDAwMDAwMDAwMDB9fQ==",
          "dependencies": [
            "module.networking.aws_internet_gateway.main",
            "module.networking.aws_vpc.main"
          ]
        }
      ]
    },
    {
      "module": "module.networking",
      "mode": "managed",
      "type": "aws_internet_gateway",
      "name": "main",
      "provider": "provider[\"registry.terraform.io/hashicorp/aws\"]",
      "instances": [
        {
          "schema_version": 0,
          "attributes": {
            "arn": "arn:aws:ec2:us-east-1:253650698585:internet-gateway/igw-0124a29469a5fdde8",
            "id": "igw-0124a29469a5fdde8",
            "owner_id": "253650698585",
            "tags": {
              "CostCenter": "development",
              "Environment": "dev",
              "Name": "nurlan-yagublu-igw",
              "Project": "nurlan-yagublu",
              "Type": "InternetGateway",
              "owner": "nurlan.yagublu@nixs.com"
            },
            "tags_all": {
              "CostCenter": "development",
              "Environment": "dev",
              "ManagedBy": "terraform",
              "Name": "nurlan-yagublu-igw",
              "Project": "nurlan-yagublu",
              "Type": "InternetGateway",
              "owner": "nurlan.yagublu@nixs.com"
            },
            "timeouts": null,
            "vpc_id": "vpc-070cab3b44e064fa9"
          },
          "sensitive_attributes": [],
          "identity_schema_version": 0,
          "private": "eyJlMmJmYjczMC1lY2FhLTExZTYtOGY4OC0zNDM2M2JjN2M0YzAiOnsiY3JlYXRlIjoxMjAwMDAwMDAwMDAwLCJkZWxldGUiOjEyMDAwMDAwMDAwMDAsInVwZGF0ZSI6MTIwMDAwMDAwMDAwMH19",
          "dependencies": [
            "module.networking.aws_vpc.main"
          ]
        }
      ]
    },
    {
      "module": "module.networking",
      "mode": "managed",
      "type": "aws_nat_gateway",
      "name": "main",
      "provider": "provider[\"registry.terraform.io/hashicorp/aws\"]",
      "instances": [
        {
          "index_key": 0,
          "schema_version": 0,
          "attributes": {
            "allocation_id": "eipalloc-04743f2af690174b4",
            "association_id": "eipassoc-0a689993cc357161a",
            "connectivity_type": "public",
            "id": "nat-09870d446f8c22bb0",
            "network_interface_id": "eni-03aad9222dd7a9863",
            "private_ip": "10.0.1.89",
            "public_ip": "44.210.204.171",
            "secondary_allocation_ids": [],
            "secondary_private_ip_address_count": 0,
            "secondary_private_ip_addresses": [],
            "subnet_id": "subnet-082d4f58bbdd5bee4",
            "tags": {
              "AZ": "us-east-1a",
              "CostCenter": "development",
              "Environment": "dev",
              "Name": "nurlan-yagublu-nat-gateway-1",
              "Project": "nurlan-yagublu",
              "Type": "NATGateway",
              "owner": "nurlan.yagublu@nixs.com"
            },
            "tags_all": {
              "AZ": "us-east-1a",
              "CostCenter": "development",
              "Environment": "dev",
              "ManagedBy": "terraform",
              "Name": "nurlan-yagublu-nat-gateway-1",
              "Project": "nurlan-yagublu",
              "Type": "NATGateway",
              "owner": "nurlan.yagublu@nixs.com"
            },
            "timeouts": null
          },
          "sensitive_attributes": [],
          "identity_schema_version": 0,
          "private": "eyJlMmJmYjczMC1lY2FhLTExZTYtOGY4OC0zNDM2M2JjN2M0YzAiOnsiY3JlYXRlIjo2MDAwMDAwMDAwMDAsImRlbGV0ZSI6MTgwMDAwMDAwMDAwMCwidXBkYXRlIjo2MDAwMDAwMDAwMDB9fQ==",
          "dependencies": [
            "module.networking.aws_eip.nat",
            "module.networking.aws_internet_gateway.main",
            "module.networking.aws_subnet.public",
            "module.networking.aws_vpc.main",
            "module.networking.data.aws_availability_zones.available"
          ]
        },
        {
          "index_key": 1,
          "schema_version": 0,
          "attributes": {
            "allocation_id": "eipalloc-05c8b952e8c56bf35",
            "association_id": "eipassoc-0344abea38fd8a2ab",
            "connectivity_type": "public",
            "id": "nat-0365afe08048e282e",
            "network_interface_id": "eni-09bb2bce5eb1ddf82",
            "private_ip": "10.0.2.80",
            "public_ip": "52.21.141.255",
            "secondary_allocation_ids": [],
            "secondary_private_ip_address_count": 0,
            "secondary_private_ip_addresses": [],
            "subnet_id": "subnet-098a63593f409e4c7",
            "tags": {
              "AZ": "us-east-1b",
              "CostCenter": "development",
              "Environment": "dev",
              "Name": "nurlan-yagublu-nat-gateway-2",
              "Project": "nurlan-yagublu",
              "Type": "NATGateway",
              "owner": "nurlan.yagublu@nixs.com"
            },
            "tags_all": {
              "AZ": "us-east-1b",
              "CostCenter": "development",
              "Environment": "dev",
              "ManagedBy": "terraform",
              "Name": "nurlan-yagublu-nat-gateway-2",
              "Project": "nurlan-yagublu",
              "Type": "NATGateway",
              "owner": "nurlan.yagublu@nixs.com"
            },
            "timeouts": null
          },
          "sensitive_attributes": [],
          "identity_schema_version": 0,
          "private": "eyJlMmJmYjczMC1lY2FhLTExZTYtOGY4OC0zNDM2M2JjN2M0YzAiOnsiY3JlYXRlIjo2MDAwMDAwMDAwMDAsImRlbGV0ZSI6MTgwMDAwMDAwMDAwMCwidXBkYXRlIjo2MDAwMDAwMDAwMDB9fQ==",
          "dependencies": [
            "module.networking.aws_eip.nat",
            "module.networking.aws_internet_gateway.main",
            "module.networking.aws_subnet.public",
            "module.networking.aws_vpc.main",
            "module.networking.data.aws_availability_zones.available"
          ]
        }
      ]
    },
    {
      "module": "module.networking",
      "mode": "managed",
      "type": "aws_route_table",
      "name": "private_app",
      "provider": "provider[\"registry.terraform.io/hashicorp/aws\"]",
      "instances": [
        {
          "index_key": 0,
          "schema_version": 0,
          "attributes": {
            "arn": "arn:aws:ec2:us-east-1:253650698585:route-table/rtb-01eebac6894e781cf",
            "id": "rtb-01eebac6894e781cf",
            "owner_id": "253650698585",
            "propagating_vgws": [],
            "route": [
              {
                "carrier_gateway_id": "",
                "cidr_block": "0.0.0.0/0",
                "core_network_arn": "",
                "destination_prefix_list_id": "",
                "egress_only_gateway_id": "",
                "gateway_id": "",
                "ipv6_cidr_block": "",
                "local_gateway_id": "",
                "nat_gateway_id": "nat-09870d446f8c22bb0",
                "network_interface_id": "",
                "transit_gateway_id": "",
                "vpc_endpoint_id": "",
                "vpc_peering_connection_id": ""
              }
            ],
            "tags": {
              "CostCenter": "development",
              "Environment": "dev",
              "Name": "nurlan-yagublu-private-app-rt-1",
              "Project": "nurlan-yagublu",
              "Tier": "Application",
              "Type": "RouteTable",
              "owner": "nurlan.yagublu@nixs.com"
            },
            "tags_all": {
              "CostCenter": "development",
              "Environment": "dev",
              "ManagedBy": "terraform",
              "Name": "nurlan-yagublu-private-app-rt-1",
              "Project": "nurlan-yagublu",
              "Tier": "Application",
              "Type": "RouteTable",
              "owner": "nurlan.yagublu@nixs.com"
            },
            "timeouts": null,
            "vpc_id": "vpc-070cab3b44e064fa9"
          },
          "sensitive_attributes": [],
          "identity_schema_version": 0,
          "private": "eyJlMmJmYjczMC1lY2FhLTExZTYtOGY4OC0zNDM2M2JjN2M0YzAiOnsiY3JlYXRlIjozMDAwMDAwMDAwMDAsImRlbGV0ZSI6MzAwMDAwMDAwMDAwLCJ1cGRhdGUiOjEyMDAwMDAwMDAwMH19",
          "dependencies": [
            "module.networking.aws_eip.nat",
            "module.networking.aws_internet_gateway.main",
            "module.networking.aws_nat_gateway.main",
            "module.networking.aws_subnet.public",
            "module.networking.aws_vpc.main",
            "module.networking.data.aws_availability_zones.available"
          ]
        },
        {
          "index_key": 1,
          "schema_version": 0,
          "attributes": {
            "arn": "arn:aws:ec2:us-east-1:253650698585:route-table/rtb-02255d9117576a2d8",
            "id": "rtb-02255d9117576a2d8",
            "owner_id": "253650698585",
            "propagating_vgws": [],
            "route": [
              {
                "carrier_gateway_id": "",
                "cidr_block": "0.0.0.0/0",
                "core_network_arn": "",
                "destination_prefix_list_id": "",
                "egress_only_gateway_id": "",
                "gateway_id": "",
                "ipv6_cidr_block": "",
                "local_gateway_id": "",
                "nat_gateway_id": "nat-0365afe08048e282e",
                "network_interface_id": "",
                "transit_gateway_id": "",
                "vpc_endpoint_id": "",
                "vpc_peering_connection_id": ""
              }
            ],
            "tags": {
              "CostCenter": "development",
              "Environment": "dev",
              "Name": "nurlan-yagublu-private-app-rt-2",
              "Project": "nurlan-yagublu",
              "Tier": "Application",
              "Type": "RouteTable",
              "owner": "nurlan.yagublu@nixs.com"
            },
            "tags_all": {
              "CostCenter": "development",
              "Environment": "dev",
              "ManagedBy": "terraform",
              "Name": "nurlan-yagublu-private-app-rt-2",
              "Project": "nurlan-yagublu",
              "Tier": "Application",
              "Type": "RouteTable",
              "owner": "nurlan.yagublu@nixs.com"
            },
            "timeouts": null,
            "vpc_id": "vpc-070cab3b44e064fa9"
          },
          "sensitive_attributes": [],
          "identity_schema_version": 0,
          "private": "eyJlMmJmYjczMC1lY2FhLTExZTYtOGY4OC0zNDM2M2JjN2M0YzAiOnsiY3JlYXRlIjozMDAwMDAwMDAwMDAsImRlbGV0ZSI6MzAwMDAwMDAwMDAwLCJ1cGRhdGUiOjEyMDAwMDAwMDAwMH19",
          "dependencies": [
            "module.networking.aws_eip.nat",
            "module.networking.aws_internet_gateway.main",
            "module.networking.aws_nat_gateway.main",
            "module.networking.aws_subnet.public",
            "module.networking.aws_vpc.main",
            "module.networking.data.aws_availability_zones.available"
          ]
        }
      ]
    },
    {
      "module": "module.networking",
      "mode": "managed",
      "type": "aws_route_table",
      "name": "private_db",
      "provider": "provider[\"registry.terraform.io/hashicorp/aws\"]",
      "instances": [
        {
          "schema_version": 0,
          "attributes": {
            "arn": "arn:aws:ec2:us-east-1:253650698585:route-table/rtb-0e1d13388e685e771",
            "id": "rtb-0e1d13388e685e771",
            "owner_id": "253650698585",
            "propagating_vgws": [],
            "route": [],
            "tags": {
              "CostCenter": "development",
              "Environment": "dev",
              "Name": "nurlan-yagublu-private-db-rt",
              "Project": "nurlan-yagublu",
              "Tier": "Database",
              "Type": "RouteTable",
              "owner": "nurlan.yagublu@nixs.com"
            },
            "tags_all": {
              "CostCenter": "development",
              "Environment": "dev",
              "ManagedBy": "terraform",
              "Name": "nurlan-yagublu-private-db-rt",
              "Project": "nurlan-yagublu",
              "Tier": "Database",
              "Type": "RouteTable",
              "owner": "nurlan.yagublu@nixs.com"
            },
            "timeouts": null,
            "vpc_id": "vpc-070cab3b44e064fa9"
          },
          "sensitive_attributes": [],
          "identity_schema_version": 0,
          "private": "eyJlMmJmYjczMC1lY2FhLTExZTYtOGY4OC0zNDM2M2JjN2M0YzAiOnsiY3JlYXRlIjozMDAwMDAwMDAwMDAsImRlbGV0ZSI6MzAwMDAwMDAwMDAwLCJ1cGRhdGUiOjEyMDAwMDAwMDAwMH19",
          "dependencies": [
            "module.networking.aws_vpc.main"
          ]
        }
      ]
    },
    {
      "module": "module.networking",
      "mode": "managed",
      "type": "aws_route_table",
      "name": "public",
      "provider": "provider[\"registry.terraform.io/hashicorp/aws\"]",
      "instances": [
        {
          "schema_version": 0,
          "attributes": {
            "arn": "arn:aws:ec2:us-east-1:253650698585:route-table/rtb-084aa37bb00549abe",
            "id": "rtb-084aa37bb00549abe",
            "owner_id": "253650698585",
            "propagating_vgws": [],
            "route": [
              {
                "carrier_gateway_id": "",
                "cidr_block": "0.0.0.0/0",
                "core_network_arn": "",
                "destination_prefix_list_id": "",
                "egress_only_gateway_id": "",
                "gateway_id": "igw-0124a29469a5fdde8",
                "ipv6_cidr_block": "",
                "local_gateway_id": "",
                "nat_gateway_id": "",
                "network_interface_id": "",
                "transit_gateway_id": "",
                "vpc_endpoint_id": "",
                "vpc_peering_connection_id": ""
              }
            ],
            "tags": {
              "CostCenter": "development",
              "Environment": "dev",
              "Name": "nurlan-yagublu-public-rt",
              "Project": "nurlan-yagublu",
              "Tier": "Public",
              "Type": "RouteTable",
              "owner": "nurlan.yagublu@nixs.com"
            },
            "tags_all": {
              "CostCenter": "development",
              "Environment": "dev",
              "ManagedBy": "terraform",
              "Name": "nurlan-yagublu-public-rt",
              "Project": "nurlan-yagublu",
              "Tier": "Public",
              "Type": "RouteTable",
              "owner": "nurlan.yagublu@nixs.com"
            },
            "timeouts": null,
            "vpc_id": "vpc-070cab3b44e064fa9"
          },
          "sensitive_attributes": [],
          "identity_schema_version": 0,
          "private": "eyJlMmJmYjczMC1lY2FhLTExZTYtOGY4OC0zNDM2M2JjN2M0YzAiOnsiY3JlYXRlIjozMDAwMDAwMDAwMDAsImRlbGV0ZSI6MzAwMDAwMDAwMDAwLCJ1cGRhdGUiOjEyMDAwMDAwMDAwMH19",
          "dependencies": [
            "module.networking.aws_internet_gateway.main",
            "module.networking.aws_vpc.main"
          ]
        }
      ]
    },
    {
      "module": "module.networking",
      "mode": "managed",
      "type": "aws_route_table_association",
      "name": "private_app",
      "provider": "provider[\"registry.terraform.io/hashicorp/aws\"]",
      "instances": [
        {
          "index_key": 0,
          "schema_version": 0,
          "attributes": {
            "gateway_id": "",
            "id": "rtbassoc-0d01ee4f609d916b2",
            "route_table_id": "rtb-01eebac6894e781cf",
            "subnet_id": "subnet-0f71f2ceae447ff73",
            "timeouts": null
          },
          "sensitive_attributes": [],
          "identity_schema_version": 0,
          "private": "eyJlMmJmYjczMC1lY2FhLTExZTYtOGY4OC0zNDM2M2JjN2M0YzAiOnsiY3JlYXRlIjozMDAwMDAwMDAwMDAsImRlbGV0ZSI6MzAwMDAwMDAwMDAwLCJ1cGRhdGUiOjEyMDAwMDAwMDAwMH19",
          "dependencies": [
            "module.networking.aws_eip.nat",
            "module.networking.aws_internet_gateway.main",
            "module.networking.aws_nat_gateway.main",
            "module.networking.aws_route_table.private_app",
            "module.networking.aws_subnet.private_app",
            "module.networking.aws_subnet.public",
            "module.networking.aws_vpc.main",
            "module.networking.data.aws_availability_zones.available"
          ]
        },
        {
          "index_key": 1,
          "schema_version": 0,
          "attributes": {
            "gateway_id": "",
            "id": "rtbassoc-033c8085fd926a395",
            "route_table_id": "rtb-02255d9117576a2d8",
            "subnet_id": "subnet-08966b4d73842fc3f",
            "timeouts": null
          },
          "sensitive_attributes": [],
          "identity_schema_version": 0,
          "private": "eyJlMmJmYjczMC1lY2FhLTExZTYtOGY4OC0zNDM2M2JjN2M0YzAiOnsiY3JlYXRlIjozMDAwMDAwMDAwMDAsImRlbGV0ZSI6MzAwMDAwMDAwMDAwLCJ1cGRhdGUiOjEyMDAwMDAwMDAwMH19",
          "dependencies": [
            "module.networking.aws_eip.nat",
            "module.networking.aws_internet_gateway.main",
            "module.networking.aws_nat_gateway.main",
            "module.networking.aws_route_table.private_app",
            "module.networking.aws_subnet.private_app",
            "module.networking.aws_subnet.public",
            "module.networking.aws_vpc.main",
            "module.networking.data.aws_availability_zones.available"
          ]
        }
      ]
    },
    {
      "module": "module.networking",
      "mode": "managed",
      "type": "aws_route_table_association",
      "name": "private_db",
      "provider": "provider[\"registry.terraform.io/hashicorp/aws\"]",
      "instances": [
        {
          "index_key": 0,
          "schema_version": 0,
          "attributes": {
            "gateway_id": "",
            "id": "rtbassoc-051b684f56f6a0ee8",
            "route_table_id": "rtb-0e1d13388e685e771",
            "subnet_id": "subnet-0f0ff242319155b99",
            "timeouts": null
          },
          "sensitive_attributes": [],
          "identity_schema_version": 0,
          "private": "eyJlMmJmYjczMC1lY2FhLTExZTYtOGY4OC0zNDM2M2JjN2M0YzAiOnsiY3JlYXRlIjozMDAwMDAwMDAwMDAsImRlbGV0ZSI6MzAwMDAwMDAwMDAwLCJ1cGRhdGUiOjEyMDAwMDAwMDAwMH19",
          "dependencies": [
            "module.networking.aws_route_table.private_db",
            "module.networking.aws_subnet.private_db",
            "module.networking.aws_vpc.main",
            "module.networking.data.aws_availability_zones.available"
          ]
        },
        {
          "index_key": 1,
          "schema_version": 0,
          "attributes": {
            "gateway_id": "",
            "id": "rtbassoc-006a3ba536f58bca1",
            "route_table_id": "rtb-0e1d13388e685e771",
            "subnet_id": "subnet-01f1d722b2929755d",
            "timeouts": null
          },
          "sensitive_attributes": [],
          "identity_schema_version": 0,
          "private": "eyJlMmJmYjczMC1lY2FhLTExZTYtOGY4OC0zNDM2M2JjN2M0YzAiOnsiY3JlYXRlIjozMDAwMDAwMDAwMDAsImRlbGV0ZSI6MzAwMDAwMDAwMDAwLCJ1cGRhdGUiOjEyMDAwMDAwMDAwMH19",
          "dependencies": [
            "module.networking.aws_route_table.private_db",
            "module.networking.aws_subnet.private_db",
            "module.networking.aws_vpc.main",
            "module.networking.data.aws_availability_zones.available"
          ]
        }
      ]
    },
    {
      "module": "module.networking",
      "mode": "managed",
      "type": "aws_route_table_association",
      "name": "public",
      "provider": "provider[\"registry.terraform.io/hashicorp/aws\"]",
      "instances": [
        {
          "index_key": 0,
          "schema_version": 0,
          "attributes": {
            "gateway_id": "",
            "id": "rtbassoc-061c3984312aadec7",
            "route_table_id": "rtb-084aa37bb00549abe",
            "subnet_id": "subnet-082d4f58bbdd5bee4",
            "timeouts": null
          },
          "sensitive_attributes": [],
          "identity_schema_version": 0,
          "private": "eyJlMmJmYjczMC1lY2FhLTExZTYtOGY4OC0zNDM2M2JjN2M0YzAiOnsiY3JlYXRlIjozMDAwMDAwMDAwMDAsImRlbGV0ZSI6MzAwMDAwMDAwMDAwLCJ1cGRhdGUiOjEyMDAwMDAwMDAwMH19",
          "dependencies": [
            "module.networking.aws_internet_gateway.main",
            "module.networking.aws_route_table.public",
            "module.networking.aws_subnet.public",
            "module.networking.aws_vpc.main",
            "module.networking.data.aws_availability_zones.available"
          ]
        },
        {
          "index_key": 1,
          "schema_version": 0,
          "attributes": {
            "gateway_id": "",
            "id": "rtbassoc-059cd3a0cb9fa5071",
            "route_table_id": "rtb-084aa37bb00549abe",
            "subnet_id": "subnet-098a63593f409e4c7",
            "timeouts": null
          },
          "sensitive_attributes": [],
          "identity_schema_version": 0,
          "private": "eyJlMmJmYjczMC1lY2FhLTExZTYtOGY4OC0zNDM2M2JjN2M0YzAiOnsiY3JlYXRlIjozMDAwMDAwMDAwMDAsImRlbGV0ZSI6MzAwMDAwMDAwMDAwLCJ1cGRhdGUiOjEyMDAwMDAwMDAwMH19",
          "dependencies": [
            "module.networking.aws_internet_gateway.main",
            "module.networking.aws_route_table.public",
            "module.networking.aws_subnet.public",
            "module.networking.aws_vpc.main",
            "module.networking.data.aws_availability_zones.available"
          ]
        }
      ]
    },
    {
      "module": "module.networking",
      "mode": "managed",
      "type": "aws_security_group",
      "name": "alb",
      "provider": "provider[\"registry.terraform.io/hashicorp/aws\"]",
      "instances": [
        {
          "schema_version": 1,
          "attributes": {
            "arn": "arn:aws:ec2:us-east-1:253650698585:security-group/sg-004474a7b1b889481",
            "description": "Security group for Application Load Balancer",
            "egress": [
              {
                "cidr_blocks": [
                  "0.0.0.0/0"
                ],
                "description": "All outbound traffic",
                "from_port": 0,
                "ipv6_cidr_blocks": [],
                "prefix_list_ids": [],
                "protocol": "-1",
                "security_groups": [],
                "self": false,
                "to_port": 0
              }
            ],
            "id": "sg-004474a7b1b889481",
            "ingress": [
              {
                "cidr_blocks": [
                  "0.0.0.0/0"
                ],
                "description": "HTTP",
                "from_port": 80,
                "ipv6_cidr_blocks": [],
                "prefix_list_ids": [],
                "protocol": "tcp",
                "security_groups": [],
                "self": false,
                "to_port": 80
              },
              {
                "cidr_blocks": [
                  "0.0.0.0/0"
                ],
                "description": "HTTPS",
                "from_port": 443,
                "ipv6_cidr_blocks": [],
                "prefix_list_ids": [],
                "protocol": "tcp",
                "security_groups": [],
                "self": false,
                "to_port": 443
              }
            ],
            "name": "nurlan-yagublu-alb-sg",
            "name_prefix": "",
            "owner_id": "253650698585",
            "revoke_rules_on_delete": false,
            "tags": {
              "CostCenter": "development",
              "Environment": "dev",
              "Name": "nurlan-yagublu-alb-sg",
              "Project": "nurlan-yagublu",
              "Tier": "LoadBalancer",
              "Type": "SecurityGroup",
              "owner": "nurlan.yagublu@nixs.com"
            },
            "tags_all": {
              "CostCenter": "development",
              "Environment": "dev",
              "ManagedBy": "terraform",
              "Name": "nurlan-yagublu-alb-sg",
              "Project": "nurlan-yagublu",
              "Tier": "LoadBalancer",
              "Type": "SecurityGroup",
              "owner": "nurlan.yagublu@nixs.com"
            },
            "timeouts": null,
            "vpc_id": "vpc-070cab3b44e064fa9"
          },
          "sensitive_attributes": [],
          "identity_schema_version": 0,
          "private": "eyJlMmJmYjczMC1lY2FhLTExZTYtOGY4OC0zNDM2M2JjN2M0YzAiOnsiY3JlYXRlIjo2MDAwMDAwMDAwMDAsImRlbGV0ZSI6OTAwMDAwMDAwMDAwfSwic2NoZW1hX3ZlcnNpb24iOiIxIn0=",
          "dependencies": [
            "module.networking.aws_vpc.main"
          ]
        }
      ]
    },
    {
      "module": "module.networking",
      "mode": "managed",
      "type": "aws_security_group",
      "name": "ecs",
      "provider": "provider[\"registry.terraform.io/hashicorp/aws\"]",
      "instances": [
        {
          "schema_version": 1,
          "attributes": {
            "arn": "arn:aws:ec2:us-east-1:253650698585:security-group/sg-077bf51a4b48f4e48",
            "description": "Security group for ECS services",
            "egress": [
              {
                "cidr_blocks": [
                  "0.0.0.0/0"
                ],
                "description": "All outbound traffic",
                "from_port": 0,
                "ipv6_cidr_blocks": [],
                "prefix_list_ids": [],
                "protocol": "-1",
                "security_groups": [],
                "self": false,
                "to_port": 0
              }
            ],
            "id": "sg-077bf51a4b48f4e48",
            "ingress": [
              {
                "cidr_blocks": [],
                "description": "HTTP from ALB",
                "from_port": 8080,
                "ipv6_cidr_blocks": [],
                "prefix_list_ids": [],
                "protocol": "tcp",
                "security_groups": [
                  "sg-004474a7b1b889481"
                ],
                "self": false,
                "to_port": 8080
              }
            ],
            "name": "nurlan-yagublu-ecs-sg",
            "name_prefix": "",
            "owner_id": "253650698585",
            "revoke_rules_on_delete": false,
            "tags": {
              "CostCenter": "development",
              "Environment": "dev",
              "Name": "nurlan-yagublu-ecs-sg",
              "Project": "nurlan-yagublu",
              "Tier": "Application",
              "Type": "SecurityGroup",
              "owner": "nurlan.yagublu@nixs.com"
            },
            "tags_all": {
              "CostCenter": "development",
              "Environment": "dev",
              "ManagedBy": "terraform",
              "Name": "nurlan-yagublu-ecs-sg",
              "Project": "nurlan-yagublu",
              "Tier": "Application",
              "Type": "SecurityGroup",
              "owner": "nurlan.yagublu@nixs.com"
            },
            "timeouts": null,
            "vpc_id": "vpc-070cab3b44e064fa9"
          },
          "sensitive_attributes": [],
          "identity_schema_version": 0,
          "private": "eyJlMmJmYjczMC1lY2FhLTExZTYtOGY4OC0zNDM2M2JjN2M0YzAiOnsiY3JlYXRlIjo2MDAwMDAwMDAwMDAsImRlbGV0ZSI6OTAwMDAwMDAwMDAwfSwic2NoZW1hX3ZlcnNpb24iOiIxIn0=",
          "dependencies": [
            "module.networking.aws_security_group.alb",
            "module.networking.aws_vpc.main"
          ]
        }
      ]
    },
    {
      "module": "module.networking",
      "mode": "managed",
      "type": "aws_security_group",
      "name": "rds",
      "provider": "provider[\"registry.terraform.io/hashicorp/aws\"]",
      "instances": [
        {
          "schema_version": 1,
          "attributes": {
            "arn": "arn:aws:ec2:us-east-1:253650698585:security-group/sg-069a41fe08d6df7a5",
            "description": "Security group for RDS database",
            "egress": [],
            "id": "sg-069a41fe08d6df7a5",
            "ingress": [
              {
                "cidr_blocks": [],
                "description": "PostgreSQL from ECS",
                "from_port": 5432,
                "ipv6_cidr_blocks": [],
                "prefix_list_ids": [],
                "protocol": "tcp",
                "security_groups": [
                  "sg-077bf51a4b48f4e48"
                ],
                "self": false,
                "to_port": 5432
              }
            ],
            "name": "nurlan-yagublu-rds-sg",
            "name_prefix": "",
            "owner_id": "253650698585",
            "revoke_rules_on_delete": false,
            "tags": {
              "CostCenter": "development",
              "Environment": "dev",
              "Name": "nurlan-yagublu-rds-sg",
              "Project": "nurlan-yagublu",
              "Tier": "Database",
              "Type": "SecurityGroup",
              "owner": "nurlan.yagublu@nixs.com"
            },
            "tags_all": {
              "CostCenter": "development",
              "Environment": "dev",
              "ManagedBy": "terraform",
              "Name": "nurlan-yagublu-rds-sg",
              "Project": "nurlan-yagublu",
              "Tier": "Database",
              "Type": "SecurityGroup",
              "owner": "nurlan.yagublu@nixs.com"
            },
            "timeouts": null,
            "vpc_id": "vpc-070cab3b44e064fa9"
          },
          "sensitive_attributes": [],
          "identity_schema_version": 0,
          "private": "eyJlMmJmYjczMC1lY2FhLTExZTYtOGY4OC0zNDM2M2JjN2M0YzAiOnsiY3JlYXRlIjo2MDAwMDAwMDAwMDAsImRlbGV0ZSI6OTAwMDAwMDAwMDAwfSwic2NoZW1hX3ZlcnNpb24iOiIxIn0=",
          "dependencies": [
            "module.networking.aws_security_group.alb",
            "module.networking.aws_security_group.ecs",
            "module.networking.aws_vpc.main"
          ]
        }
      ]
    },
    {
      "module": "module.networking",
      "mode": "managed",
      "type": "aws_security_group",
      "name": "vpc_endpoints",
      "provider": "provider[\"registry.terraform.io/hashicorp/aws\"]",
      "instances": [
        {
          "schema_version": 1,
          "attributes": {
            "arn": "arn:aws:ec2:us-east-1:253650698585:security-group/sg-0cfb41e76b8986a92",
            "description": "Security group for VPC endpoints",
            "egress": [
              {
                "cidr_blocks": [
                  "0.0.0.0/0"
                ],
                "description": "All outbound traffic",
                "from_port": 0,
                "ipv6_cidr_blocks": [],
                "prefix_list_ids": [],
                "protocol": "-1",
                "security_groups": [],
                "self": false,
                "to_port": 0
              }
            ],
            "id": "sg-0cfb41e76b8986a92",
            "ingress": [
              {
                "cidr_blocks": [
                  "10.0.10.0/24",
                  "10.0.20.0/24"
                ],
                "description": "HTTPS from private subnets",
                "from_port": 443,
                "ipv6_cidr_blocks": [],
                "prefix_list_ids": [],
                "protocol": "tcp",
                "security_groups": [],
                "self": false,
                "to_port": 443
              }
            ],
            "name": "nurlan-yagublu-vpc-endpoints-sg",
            "name_prefix": "",
            "owner_id": "253650698585",
            "revoke_rules_on_delete": false,
            "tags": {
              "CostCenter": "development",
              "Environment": "dev",
              "Name": "nurlan-yagublu-vpc-endpoints-sg",
              "Project": "nurlan-yagublu",
              "Tier": "VPCEndpoints",
              "Type": "SecurityGroup",
              "owner": "nurlan.yagublu@nixs.com"
            },
            "tags_all": {
              "CostCenter": "development",
              "Environment": "dev",
              "ManagedBy": "terraform",
              "Name": "nurlan-yagublu-vpc-endpoints-sg",
              "Project": "nurlan-yagublu",
              "Tier": "VPCEndpoints",
              "Type": "SecurityGroup",
              "owner": "nurlan.yagublu@nixs.com"
            },
            "timeouts": null,
            "vpc_id": "vpc-070cab3b44e064fa9"
          },
          "sensitive_attributes": [],
          "identity_schema_version": 0,
          "private": "eyJlMmJmYjczMC1lY2FhLTExZTYtOGY4OC0zNDM2M2JjN2M0YzAiOnsiY3JlYXRlIjo2MDAwMDAwMDAwMDAsImRlbGV0ZSI6OTAwMDAwMDAwMDAwfSwic2NoZW1hX3ZlcnNpb24iOiIxIn0=",
          "dependencies": [
            "module.networking.aws_vpc.main"
          ]
        }
      ]
    },
    {
      "module": "module.networking",
      "mode": "managed",
      "type": "aws_subnet",
      "name": "private_app",
      "provider": "provider[\"registry.terraform.io/hashicorp/aws\"]",
      "instances": [
        {
          "index_key": 0,
          "schema_version": 1,
          "attributes": {
            "arn": "arn:aws:ec2:us-east-1:253650698585:subnet/subnet-0f71f2ceae447ff73",
            "assign_ipv6_address_on_creation": false,
            "availability_zone": "us-east-1a",
            "availability_zone_id": "use1-az1",
            "cidr_block": "10.0.10.0/24",
            "customer_owned_ipv4_pool": "",
            "enable_dns64": false,
            "enable_lni_at_device_index": 0,
            "enable_resource_name_dns_a_record_on_launch": false,
            "enable_resource_name_dns_aaaa_record_on_launch": false,
            "id": "subnet-0f71f2ceae447ff73",
            "ipv6_cidr_block": "",
            "ipv6_cidr_block_association_id": "",
            "ipv6_native": false,
            "map_customer_owned_ip_on_launch": false,
            "map_public_ip_on_launch": false,
            "outpost_arn": "",
            "owner_id": "253650698585",
            "private_dns_hostname_type_on_launch": "ip-name",
            "tags": {
              "AZ": "us-east-1a",
              "CostCenter": "development",
              "Environment": "dev",
              "Name": "nurlan-yagublu-private-app-subnet-1",
              "Project": "nurlan-yagublu",
              "Tier": "Application",
              "Type": "PrivateSubnet",
              "owner": "nurlan.yagublu@nixs.com"
            },
            "tags_all": {
              "AZ": "us-east-1a",
              "CostCenter": "development",
              "Environment": "dev",
              "ManagedBy": "terraform",
              "Name": "nurlan-yagublu-private-app-subnet-1",
              "Project": "nurlan-yagublu",
              "Tier": "Application",
              "Type": "PrivateSubnet",
              "owner": "nurlan.yagublu@nixs.com"
            },
            "timeouts": null,
            "vpc_id": "vpc-070cab3b44e064fa9"
          },
          "sensitive_attributes": [],
          "identity_schema_version": 0,
          "private": "eyJlMmJmYjczMC1lY2FhLTExZTYtOGY4OC0zNDM2M2JjN2M0YzAiOnsiY3JlYXRlIjo2MDAwMDAwMDAwMDAsImRlbGV0ZSI6MTIwMDAwMDAwMDAwMH0sInNjaGVtYV92ZXJzaW9uIjoiMSJ9",
          "dependencies": [
            "module.networking.aws_vpc.main",
            "module.networking.data.aws_availability_zones.available"
          ]
        },
        {
          "index_key": 1,
          "schema_version": 1,
          "attributes": {
            "arn": "arn:aws:ec2:us-east-1:253650698585:subnet/subnet-08966b4d73842fc3f",
            "assign_ipv6_address_on_creation": false,
            "availability_zone": "us-east-1b",
            "availability_zone_id": "use1-az2",
            "cidr_block": "10.0.20.0/24",
            "customer_owned_ipv4_pool": "",
            "enable_dns64": false,
            "enable_lni_at_device_index": 0,
            "enable_resource_name_dns_a_record_on_launch": false,
            "enable_resource_name_dns_aaaa_record_on_launch": false,
            "id": "subnet-08966b4d73842fc3f",
            "ipv6_cidr_block": "",
            "ipv6_cidr_block_association_id": "",
            "ipv6_native": false,
            "map_customer_owned_ip_on_launch": false,
            "map_public_ip_on_launch": false,
            "outpost_arn": "",
            "owner_id": "253650698585",
            "private_dns_hostname_type_on_launch": "ip-name",
            "tags": {
              "AZ": "us-east-1b",
              "CostCenter": "development",
              "Environment": "dev",
              "Name": "nurlan-yagublu-private-app-subnet-2",
              "Project": "nurlan-yagublu",
              "Tier": "Application",
              "Type": "PrivateSubnet",
              "owner": "nurlan.yagublu@nixs.com"
            },
            "tags_all": {
              "AZ": "us-east-1b",
              "CostCenter": "development",
              "Environment": "dev",
              "ManagedBy": "terraform",
              "Name": "nurlan-yagublu-private-app-subnet-2",
              "Project": "nurlan-yagublu",
              "Tier": "Application",
              "Type": "PrivateSubnet",
              "owner": "nurlan.yagublu@nixs.com"
            },
            "timeouts": null,
            "vpc_id": "vpc-070cab3b44e064fa9"
          },
          "sensitive_attributes": [],
          "identity_schema_version": 0,
          "private": "eyJlMmJmYjczMC1lY2FhLTExZTYtOGY4OC0zNDM2M2JjN2M0YzAiOnsiY3JlYXRlIjo2MDAwMDAwMDAwMDAsImRlbGV0ZSI6MTIwMDAwMDAwMDAwMH0sInNjaGVtYV92ZXJzaW9uIjoiMSJ9",
          "dependencies": [
            "module.networking.aws_vpc.main",
            "module.networking.data.aws_availability_zones.available"
          ]
        }
      ]
    },
    {
      "module": "module.networking",
      "mode": "managed",
      "type": "aws_subnet",
      "name": "private_db",
      "provider": "provider[\"registry.terraform.io/hashicorp/aws\"]",
      "instances": [
        {
          "index_key": 0,
          "schema_version": 1,
          "attributes": {
            "arn": "arn:aws:ec2:us-east-1:253650698585:subnet/subnet-0f0ff242319155b99",
            "assign_ipv6_address_on_creation": false,
            "availability_zone": "us-east-1a",
            "availability_zone_id": "use1-az1",
            "cidr_block": "10.0.21.0/24",
            "customer_owned_ipv4_pool": "",
            "enable_dns64": false,
            "enable_lni_at_device_index": 0,
            "enable_resource_name_dns_a_record_on_launch": false,
            "enable_resource_name_dns_aaaa_record_on_launch": false,
            "id": "subnet-0f0ff242319155b99",
            "ipv6_cidr_block": "",
            "ipv6_cidr_block_association_id": "",
            "ipv6_native": false,
            "map_customer_owned_ip_on_launch": false,
            "map_public_ip_on_launch": false,
            "outpost_arn": "",
            "owner_id": "253650698585",
            "private_dns_hostname_type_on_launch": "ip-name",
            "tags": {
              "AZ": "us-east-1a",
              "CostCenter": "development",
              "Environment": "dev",
              "Name": "nurlan-yagublu-private-db-subnet-1",
              "Project": "nurlan-yagublu",
              "Tier": "Database",
              "Type": "PrivateSubnet",
              "owner": "nurlan.yagublu@nixs.com"
            },
            "tags_all": {
              "AZ": "us-east-1a",
              "CostCenter": "development",
              "Environment": "dev",
              "ManagedBy": "terraform",
              "Name": "nurlan-yagublu-private-db-subnet-1",
              "Project": "nurlan-yagublu",
              "Tier": "Database",
              "Type": "PrivateSubnet",
              "owner": "nurlan.yagublu@nixs.com"
            },
            "timeouts": null,
            "vpc_id": "vpc-070cab3b44e064fa9"
          },
          "sensitive_attributes": [],
          "identity_schema_version": 0,
          "private": "eyJlMmJmYjczMC1lY2FhLTExZTYtOGY4OC0zNDM2M2JjN2M0YzAiOnsiY3JlYXRlIjo2MDAwMDAwMDAwMDAsImRlbGV0ZSI6MTIwMDAwMDAwMDAwMH0sInNjaGVtYV92ZXJzaW9uIjoiMSJ9",
          "dependencies": [
            "module.networking.aws_vpc.main",
            "module.networking.data.aws_availability_zones.available"
          ]
        },
        {
          "index_key": 1,
          "schema_version": 1,
          "attributes": {
            "arn": "arn:aws:ec2:us-east-1:253650698585:subnet/subnet-01f1d722b2929755d",
            "assign_ipv6_address_on_creation": false,
            "availability_zone": "us-east-1b",
            "availability_zone_id": "use1-az2",
            "cidr_block": "10.0.22.0/24",
            "customer_owned_ipv4_pool": "",
            "enable_dns64": false,
            "enable_lni_at_device_index": 0,
            "enable_resource_name_dns_a_record_on_launch": false,
            "enable_resource_name_dns_aaaa_record_on_launch": false,
            "id": "subnet-01f1d722b2929755d",
            "ipv6_cidr_block": "",
            "ipv6_cidr_block_association_id": "",
            "ipv6_native": false,
            "map_customer_owned_ip_on_launch": false,
            "map_public_ip_on_launch": false,
            "outpost_arn": "",
            "owner_id": "253650698585",
            "private_dns_hostname_type_on_launch": "ip-name",
            "tags": {
              "AZ": "us-east-1b",
              "CostCenter": "development",
              "Environment": "dev",
              "Name": "nurlan-yagublu-private-db-subnet-2",
              "Project": "nurlan-yagublu",
              "Tier": "Database",
              "Type": "PrivateSubnet",
              "owner": "nurlan.yagublu@nixs.com"
            },
            "tags_all": {
              "AZ": "us-east-1b",
              "CostCenter": "development",
              "Environment": "dev",
              "ManagedBy": "terraform",
              "Name": "nurlan-yagublu-private-db-subnet-2",
              "Project": "nurlan-yagublu",
              "Tier": "Database",
              "Type": "PrivateSubnet",
              "owner": "nurlan.yagublu@nixs.com"
            },
            "timeouts": null,
            "vpc_id": "vpc-070cab3b44e064fa9"
          },
          "sensitive_attributes": [],
          "identity_schema_version": 0,
          "private": "eyJlMmJmYjczMC1lY2FhLTExZTYtOGY4OC0zNDM2M2JjN2M0YzAiOnsiY3JlYXRlIjo2MDAwMDAwMDAwMDAsImRlbGV0ZSI6MTIwMDAwMDAwMDAwMH0sInNjaGVtYV92ZXJzaW9uIjoiMSJ9",
          "dependencies": [
            "module.networking.aws_vpc.main",
            "module.networking.data.aws_availability_zones.available"
          ]
        }
      ]
    },
    {
      "module": "module.networking",
      "mode": "managed",
      "type": "aws_subnet",
      "name": "public",
      "provider": "provider[\"registry.terraform.io/hashicorp/aws\"]",
      "instances": [
        {
          "index_key": 0,
          "schema_version": 1,
          "attributes": {
            "arn": "arn:aws:ec2:us-east-1:253650698585:subnet/subnet-082d4f58bbdd5bee4",
            "assign_ipv6_address_on_creation": false,
            "availability_zone": "us-east-1a",
            "availability_zone_id": "use1-az1",
            "cidr_block": "10.0.1.0/24",
            "customer_owned_ipv4_pool": "",
            "enable_dns64": false,
            "enable_lni_at_device_index": 0,
            "enable_resource_name_dns_a_record_on_launch": false,
            "enable_resource_name_dns_aaaa_record_on_launch": false,
            "id": "subnet-082d4f58bbdd5bee4",
            "ipv6_cidr_block": "",
            "ipv6_cidr_block_association_id": "",
            "ipv6_native": false,
            "map_customer_owned_ip_on_launch": false,
            "map_public_ip_on_launch": true,
            "outpost_arn": "",
            "owner_id": "253650698585",
            "private_dns_hostname_type_on_launch": "ip-name",
            "tags": {
              "AZ": "us-east-1a",
              "CostCenter": "development",
              "Environment": "dev",
              "Name": "nurlan-yagublu-public-subnet-1",
              "Project": "nurlan-yagublu",
              "Tier": "Public",
              "Type": "PublicSubnet",
              "owner": "nurlan.yagublu@nixs.com"
            },
            "tags_all": {
              "AZ": "us-east-1a",
              "CostCenter": "development",
              "Environment": "dev",
              "ManagedBy": "terraform",
              "Name": "nurlan-yagublu-public-subnet-1",
              "Project": "nurlan-yagublu",
              "Tier": "Public",
              "Type": "PublicSubnet",
              "owner": "nurlan.yagublu@nixs.com"
            },
            "timeouts": null,
            "vpc_id": "vpc-070cab3b44e064fa9"
          },
          "sensitive_attributes": [],
          "identity_schema_version": 0,
          "private": "eyJlMmJmYjczMC1lY2FhLTExZTYtOGY4OC0zNDM2M2JjN2M0YzAiOnsiY3JlYXRlIjo2MDAwMDAwMDAwMDAsImRlbGV0ZSI6MTIwMDAwMDAwMDAwMH0sInNjaGVtYV92ZXJzaW9uIjoiMSJ9",
          "dependencies": [
            "module.networking.aws_vpc.main",
            "module.networking.data.aws_availability_zones.available"
          ]
        },
        {
          "index_key": 1,
          "schema_version": 1,
          "attributes": {
            "arn": "arn:aws:ec2:us-east-1:253650698585:subnet/subnet-098a63593f409e4c7",
            "assign_ipv6_address_on_creation": false,
            "availability_zone": "us-east-1b",
            "availability_zone_id": "use1-az2",
            "cidr_block": "10.0.2.0/24",
            "customer_owned_ipv4_pool": "",
            "enable_dns64": false,
            "enable_lni_at_device_index": 0,
            "enable_resource_name_dns_a_record_on_launch": false,
            "enable_resource_name_dns_aaaa_record_on_launch": false,
            "id": "subnet-098a63593f409e4c7",
            "ipv6_cidr_block": "",
            "ipv6_cidr_block_association_id": "",
            "ipv6_native": false,
            "map_customer_owned_ip_on_launch": false,
            "map_public_ip_on_launch": true,
            "outpost_arn": "",
            "owner_id": "253650698585",
            "private_dns_hostname_type_on_launch": "ip-name",
            "tags": {
              "AZ": "us-east-1b",
              "CostCenter": "development",
              "Environment": "dev",
              "Name": "nurlan-yagublu-public-subnet-2",
              "Project": "nurlan-yagublu",
              "Tier": "Public",
              "Type": "PublicSubnet",
              "owner": "nurlan.yagublu@nixs.com"
            },
            "tags_all": {
              "AZ": "us-east-1b",
              "CostCenter": "development",
              "Environment": "dev",
              "ManagedBy": "terraform",
              "Name": "nurlan-yagublu-public-subnet-2",
              "Project": "nurlan-yagublu",
              "Tier": "Public",
              "Type": "PublicSubnet",
              "owner": "nurlan.yagublu@nixs.com"
            },
            "timeouts": null,
            "vpc_id": "vpc-070cab3b44e064fa9"
          },
          "sensitive_attributes": [],
          "identity_schema_version": 0,
          "private": "eyJlMmJmYjczMC1lY2FhLTExZTYtOGY4OC0zNDM2M2JjN2M0YzAiOnsiY3JlYXRlIjo2MDAwMDAwMDAwMDAsImRlbGV0ZSI6MTIwMDAwMDAwMDAwMH0sInNjaGVtYV92ZXJzaW9uIjoiMSJ9",
          "dependencies": [
            "module.networking.aws_vpc.main",
            "module.networking.data.aws_availability_zones.available"
          ]
        }
      ]
    },
    {
      "module": "module.networking",
      "mode": "managed",
      "type": "aws_vpc",
      "name": "main",
      "provider": "provider[\"registry.terraform.io/hashicorp/aws\"]",
      "instances": [
        {
          "schema_version": 1,
          "attributes": {
            "arn": "arn:aws:ec2:us-east-1:253650698585:vpc/vpc-070cab3b44e064fa9",
            "assign_generated_ipv6_cidr_block": false,
            "cidr_block": "10.0.0.0/16",
            "default_network_acl_id": "acl-0738576aee631e95a",
            "default_route_table_id": "rtb-0b2a9afa0274c7057",
            "default_security_group_id": "sg-0e2418edf6af8d450",
            "dhcp_options_id": "dopt-0dfc30f549f1ab0c0",
            "enable_dns_hostnames": true,
            "enable_dns_support": true,
            "enable_network_address_usage_metrics": false,
            "id": "vpc-070cab3b44e064fa9",
            "instance_tenancy": "default",
            "ipv4_ipam_pool_id": null,
            "ipv4_netmask_length": null,
            "ipv6_association_id": "",
            "ipv6_cidr_block": "",
            "ipv6_cidr_block_network_border_group": "",
            "ipv6_ipam_pool_id": "",
            "ipv6_netmask_length": 0,
            "main_route_table_id": "rtb-0b2a9afa0274c7057",
            "owner_id": "253650698585",
            "tags": {
              "CostCenter": "development",
              "Environment": "dev",
              "Name": "nurlan-yagublu-vpc",
              "Project": "nurlan-yagublu",
              "Type": "VPC",
              "owner": "nurlan.yagublu@nixs.com"
            },
            "tags_all": {
              "CostCenter": "development",
              "Environment": "dev",
              "ManagedBy": "terraform",
              "Name": "nurlan-yagublu-vpc",
              "Project": "nurlan-yagublu",
              "Type": "VPC",
              "owner": "nurlan.yagublu@nixs.com"
            }
          },
          "sensitive_attributes": [],
          "identity_schema_version": 0,
          "private": "eyJzY2hlbWFfdmVyc2lvbiI6IjEifQ=="
        }
      ]
    },
    {
      "module": "module.route53",
      "mode": "managed",
      "type": "aws_acm_certificate",
      "name": "main",
      "provider": "provider[\"registry.terraform.io/hashicorp/aws\"]",
      "instances": [
        {
          "schema_version": 0,
          "attributes": {
            "arn": "arn:aws:acm:us-east-1:253650698585:certificate/f2d274b0-2fe3-47eb-8558-4cae3e9b7502",
            "certificate_authority_arn": "",
            "certificate_body": null,
            "certificate_chain": null,
            "domain_name": "nurlanskillup.pp.ua",
            "domain_validation_options": [
              {
                "domain_name": "*.nurlanskillup.pp.ua",
                "resource_record_name": "_44d91aa2cce34713b0d894d7e21843a8.nurlanskillup.pp.ua.",
                "resource_record_type": "CNAME",
                "resource_record_value": "_1676fbf2857754bbd7fc497b03ad87c3.xlfgrmvvlj.acm-validations.aws."
              },
              {
                "domain_name": "nurlanskillup.pp.ua",
                "resource_record_name": "_44d91aa2cce34713b0d894d7e21843a8.nurlanskillup.pp.ua.",
                "resource_record_type": "CNAME",
                "resource_record_value": "_1676fbf2857754bbd7fc497b03ad87c3.xlfgrmvvlj.acm-validations.aws."
              }
            ],
            "early_renewal_duration": "",
            "id": "arn:aws:acm:us-east-1:253650698585:certificate/f2d274b0-2fe3-47eb-8558-4cae3e9b7502",
            "key_algorithm": "RSA_2048",
            "not_after": "2026-07-23T23:59:59Z",
            "not_before": "2025-06-24T00:00:00Z",
            "options": [
              {
                "certificate_transparency_logging_preference": "ENABLED"
              }
            ],
            "pending_renewal": false,
            "private_key": null,
            "renewal_eligibility": "ELIGIBLE",
            "renewal_summary": [],
            "status": "ISSUED",
            "subject_alternative_names": [
              "*.nurlanskillup.pp.ua",
              "nurlanskillup.pp.ua"
            ],
            "tags": {
              "Environment": "dev",
              "Name": "nurlan-yagublu-certificate",
              "Project": "nurlan-yagublu"
            },
            "tags_all": {
              "Environment": "dev",
              "ManagedBy": "terraform",
              "Name": "nurlan-yagublu-certificate",
              "Project": "nurlan-yagublu"
            },
            "type": "AMAZON_ISSUED",
            "validation_emails": [],
            "validation_method": "DNS",
            "validation_option": []
          },
          "sensitive_attributes": [
            [
              {
                "type": "get_attr",
                "value": "private_key"
              }
            ]
          ],
          "identity_schema_version": 0,
          "private": "bnVsbA==",
          "create_before_destroy": true
        }
      ]
    },
    {
      "module": "module.route53",
      "mode": "managed",
      "type": "aws_acm_certificate_validation",
      "name": "main",
      "provider": "provider[\"registry.terraform.io/hashicorp/aws\"]",
      "instances": [
        {
          "schema_version": 0,
          "attributes": {
            "certificate_arn": "arn:aws:acm:us-east-1:253650698585:certificate/f2d274b0-2fe3-47eb-8558-4cae3e9b7502",
            "id": "2025-06-24 21:55:59.062 +0000 UTC",
            "timeouts": {
              "create": "5m"
            },
            "validation_record_fqdns": [
              "_44d91aa2cce34713b0d894d7e21843a8.nurlanskillup.pp.ua"
            ]
          },
          "sensitive_attributes": [],
          "identity_schema_version": 0,
          "private": "eyJlMmJmYjczMC1lY2FhLTExZTYtOGY4OC0zNDM2M2JjN2M0YzAiOnsiY3JlYXRlIjozMDAwMDAwMDAwMDB9fQ==",
          "dependencies": [
            "module.route53.aws_acm_certificate.main",
            "module.route53.aws_route53_record.cert_validation",
            "module.route53.aws_route53_zone.main"
          ]
        }
      ]
    },
    {
      "module": "module.route53",
      "mode": "managed",
      "type": "aws_route53_record",
      "name": "api",
      "provider": "provider[\"registry.terraform.io/hashicorp/aws\"]",
      "instances": [
        {
          "index_key": 0,
          "schema_version": 2,
          "attributes": {
            "alias": [
              {
                "evaluate_target_health": true,
                "name": "nurlan-yagublu-dev-alb-668326209.us-east-1.elb.amazonaws.com",
                "zone_id": "Z35SXDOTRQ7X7K"
              }
            ],
            "allow_overwrite": null,
            "cidr_routing_policy": [],
            "failover_routing_policy": [],
            "fqdn": "dev-api.nurlanskillup.pp.ua",
            "geolocation_routing_policy": [],
            "geoproximity_routing_policy": [],
            "health_check_id": "",
            "id": "Z0644704Y4X9BY5DWZ1T_dev-api.nurlanskillup.pp.ua_A",
            "latency_routing_policy": [],
            "multivalue_answer_routing_policy": false,
            "name": "dev-api.nurlanskillup.pp.ua",
            "records": [],
            "set_identifier": "",
            "timeouts": null,
            "ttl": 0,
            "type": "A",
            "weighted_routing_policy": [],
            "zone_id": "Z0644704Y4X9BY5DWZ1T"
          },
          "sensitive_attributes": [],
          "identity_schema_version": 0,
          "private": "eyJlMmJmYjczMC1lY2FhLTExZTYtOGY4OC0zNDM2M2JjN2M0YzAiOnsiY3JlYXRlIjoxODAwMDAwMDAwMDAwLCJkZWxldGUiOjE4MDAwMDAwMDAwMDAsInVwZGF0ZSI6MTgwMDAwMDAwMDAwMH0sInNjaGVtYV92ZXJzaW9uIjoiMiJ9",
          "dependencies": [
            "module.ecs.aws_lb.main",
            "module.networking.aws_security_group.alb",
            "module.networking.aws_subnet.public",
            "module.networking.aws_vpc.main",
            "module.networking.data.aws_availability_zones.available",
            "module.route53.aws_route53_zone.main"
          ]
        }
      ]
    },
    {
      "module": "module.route53",
      "mode": "managed",
      "type": "aws_route53_record",
      "name": "app",
      "provider": "provider[\"registry.terraform.io/hashicorp/aws\"]",
      "instances": [
        {
          "schema_version": 2,
          "attributes": {
            "alias": [
              {
                "evaluate_target_health": true,
                "name": "d34a487tjqrgvn.cloudfront.net",
                "zone_id": "Z2FDTNDATAQYW2"
              }
            ],
            "allow_overwrite": null,
            "cidr_routing_policy": [],
            "failover_routing_policy": [],
            "fqdn": "dev-app.nurlanskillup.pp.ua",
            "geolocation_routing_policy": [],
            "geoproximity_routing_policy": [],
            "health_check_id": "",
            "id": "Z0644704Y4X9BY5DWZ1T_dev-app.nurlanskillup.pp.ua_A",
            "latency_routing_policy": [],
            "multivalue_answer_routing_policy": false,
            "name": "dev-app.nurlanskillup.pp.ua",
            "records": [],
            "set_identifier": "",
            "timeouts": null,
            "ttl": 0,
            "type": "A",
            "weighted_routing_policy": [],
            "zone_id": "Z0644704Y4X9BY5DWZ1T"
          },
          "sensitive_attributes": [],
          "identity_schema_version": 0,
          "private": "eyJlMmJmYjczMC1lY2FhLTExZTYtOGY4OC0zNDM2M2JjN2M0YzAiOnsiY3JlYXRlIjoxODAwMDAwMDAwMDAwLCJkZWxldGUiOjE4MDAwMDAwMDAwMDAsInVwZGF0ZSI6MTgwMDAwMDAwMDAwMH0sInNjaGVtYV92ZXJzaW9uIjoiMiJ9",
          "dependencies": [
            "module.ecs.aws_lb.main",
            "module.networking.aws_security_group.alb",
            "module.networking.aws_subnet.public",
            "module.networking.aws_vpc.main",
            "module.networking.data.aws_availability_zones.available",
            "module.route53.aws_acm_certificate.main",
            "module.route53.aws_route53_zone.main",
            "module.s3_static_website.aws_cloudfront_distribution.website",
            "module.s3_static_website.aws_cloudfront_origin_access_control.website",
            "module.s3_static_website.aws_s3_bucket.website"
          ]
        }
      ]
    },
    {
      "module": "module.route53",
      "mode": "managed",
      "type": "aws_route53_record",
      "name": "cert_validation",
      "provider": "provider[\"registry.terraform.io/hashicorp/aws\"]",
      "instances": [
        {
          "index_key": "*.nurlanskillup.pp.ua",
          "schema_version": 2,
          "attributes": {
            "alias": [],
            "allow_overwrite": true,
            "cidr_routing_policy": [],
            "failover_routing_policy": [],
            "fqdn": "_44d91aa2cce34713b0d894d7e21843a8.nurlanskillup.pp.ua",
            "geolocation_routing_policy": [],
            "geoproximity_routing_policy": [],
            "health_check_id": "",
            "id": "Z0644704Y4X9BY5DWZ1T__44d91aa2cce34713b0d894d7e21843a8.nurlanskillup.pp.ua._CNAME",
            "latency_routing_policy": [],
            "multivalue_answer_routing_policy": false,
            "name": "_44d91aa2cce34713b0d894d7e21843a8.nurlanskillup.pp.ua",
            "records": [
              "_1676fbf2857754bbd7fc497b03ad87c3.xlfgrmvvlj.acm-validations.aws."
            ],
            "set_identifier": "",
            "timeouts": null,
            "ttl": 60,
            "type": "CNAME",
            "weighted_routing_policy": [],
            "zone_id": "Z0644704Y4X9BY5DWZ1T"
          },
          "sensitive_attributes": [],
          "identity_schema_version": 0,
          "private": "eyJlMmJmYjczMC1lY2FhLTExZTYtOGY4OC0zNDM2M2JjN2M0YzAiOnsiY3JlYXRlIjoxODAwMDAwMDAwMDAwLCJkZWxldGUiOjE4MDAwMDAwMDAwMDAsInVwZGF0ZSI6MTgwMDAwMDAwMDAwMH0sInNjaGVtYV92ZXJzaW9uIjoiMiJ9",
          "dependencies": [
            "module.route53.aws_acm_certificate.main",
            "module.route53.aws_route53_zone.main"
          ]
        },
        {
          "index_key": "nurlanskillup.pp.ua",
          "schema_version": 2,
          "attributes": {
            "alias": [],
            "allow_overwrite": true,
            "cidr_routing_policy": [],
            "failover_routing_policy": [],
            "fqdn": "_44d91aa2cce34713b0d894d7e21843a8.nurlanskillup.pp.ua",
            "geolocation_routing_policy": [],
            "geoproximity_routing_policy": [],
            "health_check_id": "",
            "id": "Z0644704Y4X9BY5DWZ1T__44d91aa2cce34713b0d894d7e21843a8.nurlanskillup.pp.ua._CNAME",
            "latency_routing_policy": [],
            "multivalue_answer_routing_policy": false,
            "name": "_44d91aa2cce34713b0d894d7e21843a8.nurlanskillup.pp.ua",
            "records": [
              "_1676fbf2857754bbd7fc497b03ad87c3.xlfgrmvvlj.acm-validations.aws."
            ],
            "set_identifier": "",
            "timeouts": null,
            "ttl": 60,
            "type": "CNAME",
            "weighted_routing_policy": [],
            "zone_id": "Z0644704Y4X9BY5DWZ1T"
          },
          "sensitive_attributes": [],
          "identity_schema_version": 0,
          "private": "eyJlMmJmYjczMC1lY2FhLTExZTYtOGY4OC0zNDM2M2JjN2M0YzAiOnsiY3JlYXRlIjoxODAwMDAwMDAwMDAwLCJkZWxldGUiOjE4MDAwMDAwMDAwMDAsInVwZGF0ZSI6MTgwMDAwMDAwMDAwMH0sInNjaGVtYV92ZXJzaW9uIjoiMiJ9",
          "dependencies": [
            "module.route53.aws_acm_certificate.main",
            "module.route53.aws_route53_zone.main"
          ]
        }
      ]
    },
    {
      "module": "module.route53",
      "mode": "managed",
      "type": "aws_route53_zone",
      "name": "main",
      "provider": "provider[\"registry.terraform.io/hashicorp/aws\"]",
      "instances": [
        {
          "schema_version": 0,
          "attributes": {
            "arn": "arn:aws:route53:::hostedzone/Z0644704Y4X9BY5DWZ1T",
            "comment": "Managed by Terraform",
            "delegation_set_id": "",
            "force_destroy": false,
            "id": "Z0644704Y4X9BY5DWZ1T",
            "name": "nurlanskillup.pp.ua",
            "name_servers": [
              "ns-1203.awsdns-22.org",
              "ns-1924.awsdns-48.co.uk",
              "ns-425.awsdns-53.com",
              "ns-849.awsdns-42.net"
            ],
            "primary_name_server": "ns-1924.awsdns-48.co.uk",
            "tags": {
              "Environment": "dev",
              "Name": "nurlan-yagublu-hosted-zone",
              "Project": "nurlan-yagublu"
            },
            "tags_all": {
              "Environment": "dev",
              "ManagedBy": "terraform",
              "Name": "nurlan-yagublu-hosted-zone",
              "Project": "nurlan-yagublu"
            },
            "timeouts": null,
            "vpc": [],
            "zone_id": "Z0644704Y4X9BY5DWZ1T"
          },
          "sensitive_attributes": [],
          "identity_schema_version": 0,
          "private": "eyJlMmJmYjczMC1lY2FhLTExZTYtOGY4OC0zNDM2M2JjN2M0YzAiOnsiY3JlYXRlIjoxODAwMDAwMDAwMDAwLCJkZWxldGUiOjE4MDAwMDAwMDAwMDAsInVwZGF0ZSI6MTgwMDAwMDAwMDAwMH19"
        }
      ]
    },
    {
      "module": "module.s3_static_website",
      "mode": "managed",
      "type": "aws_cloudfront_distribution",
      "name": "website",
      "provider": "provider[\"registry.terraform.io/hashicorp/aws\"]",
      "instances": [
        {
          "index_key": 0,
          "schema_version": 1,
          "attributes": {
            "aliases": [
              "dev-app.nurlanskillup.pp.ua"
            ],
            "arn": "arn:aws:cloudfront::253650698585:distribution/E3JEQC6CL9GIIY",
            "caller_reference": "terraform-20250626150217633900000001",
            "comment": null,
            "continuous_deployment_policy_id": "",
            "custom_error_response": [
              {
                "error_caching_min_ttl": 0,
                "error_code": 403,
                "response_code": 200,
                "response_page_path": "/index.html"
              },
              {
                "error_caching_min_ttl": 0,
                "error_code": 404,
                "response_code": 200,
                "response_page_path": "/index.html"
              }
            ],
            "default_cache_behavior": [
              {
                "allowed_methods": [
                  "DELETE",
                  "GET",
                  "HEAD",
                  "OPTIONS",
                  "PATCH",
                  "POST",
                  "PUT"
                ],
                "cache_policy_id": "",
                "cached_methods": [
                  "GET",
                  "HEAD"
                ],
                "compress": true,
                "default_ttl": 3600,
                "field_level_encryption_id": "",
                "forwarded_values": [
                  {
                    "cookies": [
                      {
                        "forward": "none",
                        "whitelisted_names": []
                      }
                    ],
                    "headers": [],
                    "query_string": false,
                    "query_string_cache_keys": []
                  }
                ],
                "function_association": [],
                "grpc_config": [
                  {
                    "enabled": false
                  }
                ],
                "lambda_function_association": [],
                "max_ttl": 86400,
                "min_ttl": 0,
                "origin_request_policy_id": "",
                "realtime_log_config_arn": "",
                "response_headers_policy_id": "",
                "smooth_streaming": false,
                "target_origin_id": "S3-nurlan-yagublu-dev-static-website",
                "trusted_key_groups": [],
                "trusted_signers": [],
                "viewer_protocol_policy": "redirect-to-https"
              }
            ],
            "default_root_object": "index.html",
            "domain_name": "d34a487tjqrgvn.cloudfront.net",
            "enabled": true,
            "etag": "EUFNPOI86ACC6",
            "hosted_zone_id": "Z2FDTNDATAQYW2",
            "http_version": "http2",
            "id": "E3JEQC6CL9GIIY",
            "in_progress_validation_batches": 0,
            "is_ipv6_enabled": true,
            "last_modified_time": "2025-06-26 17:39:57.69 +0000 UTC",
            "logging_config": [],
            "ordered_cache_behavior": [],
            "origin": [
              {
                "connection_attempts": 3,
                "connection_timeout": 10,
                "custom_header": [],
                "custom_origin_config": [],
                "domain_name": "nurlan-yagublu-dev-static-website.s3.us-east-1.amazonaws.com",
                "origin_access_control_id": "EUCCUZCK0XWVU",
                "origin_id": "S3-nurlan-yagublu-dev-static-website",
                "origin_path": "",
                "origin_shield": [],
                "s3_origin_config": [],
                "vpc_origin_config": []
              }
            ],
            "origin_group": [],
            "price_class": "PriceClass_100",
            "restrictions": [
              {
                "geo_restriction": [
                  {
                    "locations": [],
                    "restriction_type": "none"
                  }
                ]
              }
            ],
            "retain_on_delete": false,
            "staging": false,
            "status": "Deployed",
            "tags": {
              "CostCenter": "development",
              "Environment": "dev",
              "Name": "nurlan-yagublu-dev-static-website-cloudfront",
              "Project": "nurlan-yagublu",
              "Type": "CloudFrontDistribution",
              "owner": "nurlan.yagublu@nixs.com"
            },
            "tags_all": {
              "CostCenter": "development",
              "Environment": "dev",
              "ManagedBy": "terraform",
              "Name": "nurlan-yagublu-dev-static-website-cloudfront",
              "Project": "nurlan-yagublu",
              "Type": "CloudFrontDistribution",
              "owner": "nurlan.yagublu@nixs.com"
            },
            "trusted_key_groups": [
              {
                "enabled": false,
                "items": []
              }
            ],
            "trusted_signers": [
              {
                "enabled": false,
                "items": []
              }
            ],
            "viewer_certificate": [
              {
                "acm_certificate_arn": "arn:aws:acm:us-east-1:253650698585:certificate/f2d274b0-2fe3-47eb-8558-4cae3e9b7502",
                "cloudfront_default_certificate": false,
                "iam_certificate_id": "",
                "minimum_protocol_version": "TLSv1.2_2021",
                "ssl_support_method": "sni-only"
              }
            ],
            "wait_for_deployment": true,
            "web_acl_id": ""
          },
          "sensitive_attributes": [],
          "identity_schema_version": 0,
          "private": "eyJzY2hlbWFfdmVyc2lvbiI6IjEifQ==",
          "dependencies": [
            "module.route53.aws_acm_certificate.main",
            "module.s3_static_website.aws_cloudfront_origin_access_control.website",
            "module.s3_static_website.aws_s3_bucket.website"
          ]
        }
      ]
    },
    {
      "module": "module.s3_static_website",
      "mode": "managed",
      "type": "aws_cloudfront_origin_access_control",
      "name": "website",
      "provider": "provider[\"registry.terraform.io/hashicorp/aws\"]",
      "instances": [
        {
          "index_key": 0,
          "schema_version": 0,
          "attributes": {
            "arn": "arn:aws:cloudfront::253650698585:origin-access-control/EUCCUZCK0XWVU",
            "description": "OAC for nurlan-yagublu-dev-static-website",
            "etag": "ETVPDKIKX0DER",
            "id": "EUCCUZCK0XWVU",
            "name": "nurlan-yagublu-dev-static-website-oac",
            "origin_access_control_origin_type": "s3",
            "signing_behavior": "always",
            "signing_protocol": "sigv4"
          },
          "sensitive_attributes": [],
          "identity_schema_version": 0,
          "private": "bnVsbA=="
        }
      ]
    },
    {
      "module": "module.s3_static_website",
      "mode": "managed",
      "type": "aws_s3_bucket",
      "name": "website",
      "provider": "provider[\"registry.terraform.io/hashicorp/aws\"]",
      "instances": [
        {
          "schema_version": 0,
          "attributes": {
            "acceleration_status": "",
            "acl": null,
            "arn": "arn:aws:s3:::nurlan-yagublu-dev-static-website",
            "bucket": "nurlan-yagublu-dev-static-website",
            "bucket_domain_name": "nurlan-yagublu-dev-static-website.s3.amazonaws.com",
            "bucket_prefix": "",
            "bucket_regional_domain_name": "nurlan-yagublu-dev-static-website.s3.us-east-1.amazonaws.com",
            "cors_rule": [],
            "force_destroy": false,
            "grant": [
              {
                "id": "3aadf3476a14ac4cc150f2c70e8e608c52c9a6f2121b0599f472df60dba83469",
                "permissions": [
                  "FULL_CONTROL"
                ],
                "type": "CanonicalUser",
                "uri": ""
              }
            ],
            "hosted_zone_id": "Z3AQBSTGFYJSTF",
            "id": "nurlan-yagublu-dev-static-website",
            "lifecycle_rule": [],
            "logging": [],
            "object_lock_configuration": [],
            "object_lock_enabled": false,
            "policy": "{\"Statement\":[{\"Action\":\"s3:GetObject\",\"Effect\":\"Allow\",\"Principal\":\"*\",\"Resource\":\"arn:aws:s3:::nurlan-yagublu-dev-static-website/*\",\"Sid\":\"PublicReadGetObject\"}],\"Version\":\"2012-10-17\"}",
            "region": "us-east-1",
            "replication_configuration": [],
            "request_payer": "BucketOwner",
            "server_side_encryption_configuration": [
              {
                "rule": [
                  {
                    "apply_server_side_encryption_by_default": [
                      {
                        "kms_master_key_id": "",
                        "sse_algorithm": "AES256"
                      }
                    ],
                    "bucket_key_enabled": false
                  }
                ]
              }
            ],
            "tags": {
              "CostCenter": "development",
              "Environment": "dev",
              "Name": "nurlan-yagublu-dev-static-website",
              "Project": "nurlan-yagublu",
              "Type": "StaticWebsite",
              "owner": "nurlan.yagublu@nixs.com"
            },
            "tags_all": {
              "CostCenter": "development",
              "Environment": "dev",
              "ManagedBy": "terraform",
              "Name": "nurlan-yagublu-dev-static-website",
              "Project": "nurlan-yagublu",
              "Type": "StaticWebsite",
              "owner": "nurlan.yagublu@nixs.com"
            },
            "timeouts": null,
            "versioning": [
              {
                "enabled": true,
                "mfa_delete": false
              }
            ],
            "website": [
              {
                "error_document": "",
                "index_document": "index.html",
                "redirect_all_requests_to": "",
                "routing_rules": ""
              }
            ],
            "website_domain": "s3-website-us-east-1.amazonaws.com",
            "website_endpoint": "nurlan-yagublu-dev-static-website.s3-website-us-east-1.amazonaws.com"
          },
          "sensitive_attributes": [],
          "identity_schema_version": 0,
          "private": "eyJlMmJmYjczMC1lY2FhLTExZTYtOGY4OC0zNDM2M2JjN2M0YzAiOnsiY3JlYXRlIjoxMjAwMDAwMDAwMDAwLCJkZWxldGUiOjM2MDAwMDAwMDAwMDAsInJlYWQiOjEyMDAwMDAwMDAwMDAsInVwZGF0ZSI6MTIwMDAwMDAwMDAwMH19"
        }
      ]
    },
    {
      "module": "module.s3_static_website",
      "mode": "managed",
      "type": "aws_s3_bucket_policy",
      "name": "cloudfront_oac",
      "provider": "provider[\"registry.terraform.io/hashicorp/aws\"]",
      "instances": [
        {
          "index_key": 0,
          "schema_version": 0,
          "attributes": {
            "bucket": "nurlan-yagublu-dev-static-website",
            "id": "nurlan-yagublu-dev-static-website",
            "policy": "{\"Statement\":[{\"Action\":\"s3:GetObject\",\"Condition\":{\"StringEquals\":{\"AWS:SourceArn\":\"arn:aws:cloudfront::253650698585:distribution/E3JEQC6CL9GIIY\"}},\"Effect\":\"Allow\",\"Principal\":{\"Service\":\"cloudfront.amazonaws.com\"},\"Resource\":\"arn:aws:s3:::nurlan-yagublu-dev-static-website/*\",\"Sid\":\"AllowCloudFrontServicePrincipal\"}],\"Version\":\"2012-10-17\"}"
          },
          "sensitive_attributes": [],
          "identity_schema_version": 0,
          "private": "bnVsbA==",
          "dependencies": [
            "module.route53.aws_acm_certificate.main",
            "module.s3_static_website.aws_cloudfront_distribution.website",
            "module.s3_static_website.aws_cloudfront_origin_access_control.website",
            "module.s3_static_website.aws_s3_bucket.website",
            "module.s3_static_website.aws_s3_bucket_public_access_block.website"
          ]
        }
      ]
    },
    {
      "module": "module.s3_static_website",
      "mode": "managed",
      "type": "aws_s3_bucket_policy",
      "name": "website",
      "provider": "provider[\"registry.terraform.io/hashicorp/aws\"]",
      "instances": [
        {
          "index_key": 0,
          "schema_version": 0,
          "attributes": {
            "bucket": "nurlan-yagublu-dev-static-website",
            "id": "nurlan-yagublu-dev-static-website",
            "policy": "{\"Statement\":[{\"Action\":\"s3:GetObject\",\"Effect\":\"Allow\",\"Principal\":\"*\",\"Resource\":\"arn:aws:s3:::nurlan-yagublu-dev-static-website/*\",\"Sid\":\"PublicReadGetObject\"}],\"Version\":\"2012-10-17\"}"
          },
          "sensitive_attributes": [],
          "identity_schema_version": 0,
          "private": "bnVsbA==",
          "dependencies": [
            "module.s3_static_website.aws_s3_bucket.website",
            "module.s3_static_website.aws_s3_bucket_public_access_block.website"
          ]
        }
      ]
    },
    {
      "module": "module.s3_static_website",
      "mode": "managed",
      "type": "aws_s3_bucket_public_access_block",
      "name": "website",
      "provider": "provider[\"registry.terraform.io/hashicorp/aws\"]",
      "instances": [
        {
          "schema_version": 0,
          "attributes": {
            "block_public_acls": false,
            "block_public_policy": false,
            "bucket": "nurlan-yagublu-dev-static-website",
            "id": "nurlan-yagublu-dev-static-website",
            "ignore_public_acls": false,
            "restrict_public_buckets": false
          },
          "sensitive_attributes": [],
          "identity_schema_version": 0,
          "private": "bnVsbA==",
          "dependencies": [
            "module.s3_static_website.aws_s3_bucket.website"
          ]
        }
      ]
    },
    {
      "module": "module.s3_static_website",
      "mode": "managed",
      "type": "aws_s3_bucket_server_side_encryption_configuration",
      "name": "website",
      "provider": "provider[\"registry.terraform.io/hashicorp/aws\"]",
      "instances": [
        {
          "schema_version": 0,
          "attributes": {
            "bucket": "nurlan-yagublu-dev-static-website",
            "expected_bucket_owner": "",
            "id": "nurlan-yagublu-dev-static-website",
            "rule": [
              {
                "apply_server_side_encryption_by_default": [
                  {
                    "kms_master_key_id": "",
                    "sse_algorithm": "AES256"
                  }
                ],
                "bucket_key_enabled": false
              }
            ]
          },
          "sensitive_attributes": [],
          "identity_schema_version": 0,
          "private": "bnVsbA==",
          "dependencies": [
            "module.s3_static_website.aws_s3_bucket.website"
          ]
        }
      ]
    },
    {
      "module": "module.s3_static_website",
      "mode": "managed",
      "type": "aws_s3_bucket_versioning",
      "name": "website",
      "provider": "provider[\"registry.terraform.io/hashicorp/aws\"]",
      "instances": [
        {
          "schema_version": 0,
          "attributes": {
            "bucket": "nurlan-yagublu-dev-static-website",
            "expected_bucket_owner": "",
            "id": "nurlan-yagublu-dev-static-website",
            "mfa": null,
            "versioning_configuration": [
              {
                "mfa_delete": "",
                "status": "Enabled"
              }
            ]
          },
          "sensitive_attributes": [],
          "identity_schema_version": 0,
          "private": "bnVsbA==",
          "dependencies": [
            "module.s3_static_website.aws_s3_bucket.website"
          ]
        }
      ]
    },
    {
      "module": "module.s3_static_website",
      "mode": "managed",
      "type": "aws_s3_bucket_website_configuration",
      "name": "website",
      "provider": "provider[\"registry.terraform.io/hashicorp/aws\"]",
      "instances": [
        {
          "index_key": 0,
          "schema_version": 0,
          "attributes": {
            "bucket": "nurlan-yagublu-dev-static-website",
            "error_document": [],
            "expected_bucket_owner": "",
            "id": "nurlan-yagublu-dev-static-website",
            "index_document": [
              {
                "suffix": "index.html"
              }
            ],
            "redirect_all_requests_to": [],
            "routing_rule": [],
            "routing_rules": "",
            "website_domain": "s3-website-us-east-1.amazonaws.com",
            "website_endpoint": "nurlan-yagublu-dev-static-website.s3-website-us-east-1.amazonaws.com"
          },
          "sensitive_attributes": [],
          "identity_schema_version": 0,
          "private": "bnVsbA==",
          "dependencies": [
            "module.s3_static_website.aws_s3_bucket.website"
          ]
        }
      ]
    },
    {
      "module": "module.security",
      "mode": "managed",
      "type": "aws_iam_policy",
      "name": "ecs_secrets_policy",
      "provider": "provider[\"registry.terraform.io/hashicorp/aws\"]",
      "instances": [
        {
          "schema_version": 0,
          "attributes": {
            "arn": "arn:aws:iam::253650698585:policy/nurlan-yagublu-dev-ecs-secrets-policy",
            "attachment_count": 2,
            "description": "Policy for ECS to access secrets",
            "id": "arn:aws:iam::253650698585:policy/nurlan-yagublu-dev-ecs-secrets-policy",
            "name": "nurlan-yagublu-dev-ecs-secrets-policy",
            "name_prefix": "",
            "path": "/",
            "policy": "{\"Statement\":[{\"Action\":[\"secretsmanager:GetSecretValue\"],\"Effect\":\"Allow\",\"Resource\":[\"arn:aws:secretsmanager:us-east-1:*:secret:nurlan-yagublu/dev/*\"]},{\"Action\":[\"kms:Decrypt\"],\"Effect\":\"Allow\",\"Resource\":[\"arn:aws:kms:us-east-1:253650698585:key/25e5970b-99d5-42b2-8971-16468f9c7f83\"]}],\"Version\":\"2012-10-17\"}",
            "policy_id": "ANPATWDWCQFMQD34OYYTP",
            "tags": {
              "Environment": "dev",
              "Name": "nurlan-yagublu-dev-ecs-secrets-policy",
              "Project": "nurlan-yagublu"
            },
            "tags_all": {
              "Environment": "dev",
              "ManagedBy": "terraform",
              "Name": "nurlan-yagublu-dev-ecs-secrets-policy",
              "Project": "nurlan-yagublu"
            }
          },
          "sensitive_attributes": [],
          "identity_schema_version": 0,
          "private": "bnVsbA==",
          "dependencies": [
            "module.security.aws_kms_key.main"
          ]
        }
      ]
    },
    {
      "module": "module.security",
      "mode": "managed",
      "type": "aws_iam_policy",
      "name": "ecs_task_policy",
      "provider": "provider[\"registry.terraform.io/hashicorp/aws\"]",
      "instances": [
        {
          "schema_version": 0,
          "attributes": {
            "arn": "arn:aws:iam::253650698585:policy/nurlan-yagublu-dev-ecs-task-policy",
            "attachment_count": 1,
            "description": "Policy for ECS tasks",
            "id": "arn:aws:iam::253650698585:policy/nurlan-yagublu-dev-ecs-task-policy",
            "name": "nurlan-yagublu-dev-ecs-task-policy",
            "name_prefix": "",
            "path": "/",
            "policy": "{\"Statement\":[{\"Action\":[\"secretsmanager:GetSecretValue\",\"secretsmanager:DescribeSecret\"],\"Effect\":\"Allow\",\"Resource\":[\"arn:aws:secretsmanager:us-east-1:*:secret:nurlan-yagublu/dev/*\"]},{\"Action\":[\"ssm:GetParameter\",\"ssm:GetParameters\",\"ssm:GetParametersByPath\"],\"Effect\":\"Allow\",\"Resource\":[\"arn:aws:ssm:us-east-1:*:parameter/nurlan-yagublu/dev/*\"]},{\"Action\":[\"kms:Decrypt\",\"kms:DescribeKey\"],\"Effect\":\"Allow\",\"Resource\":[\"arn:aws:kms:us-east-1:253650698585:key/25e5970b-99d5-42b2-8971-16468f9c7f83\"]},{\"Action\":[\"s3:GetObject\",\"s3:PutObject\",\"s3:DeleteObject\"],\"Effect\":\"Allow\",\"Resource\":[\"arn:aws:s3:::nurlan-yagublu-dev-*/*\"]},{\"Action\":[\"s3:ListBucket\"],\"Effect\":\"Allow\",\"Resource\":[\"arn:aws:s3:::nurlan-yagublu-dev-*\"]}],\"Version\":\"2012-10-17\"}",
            "policy_id": "ANPATWDWCQFMT7HBZ3W5C",
            "tags": {
              "Environment": "dev",
              "Name": "nurlan-yagublu-dev-ecs-task-policy",
              "Project": "nurlan-yagublu"
            },
            "tags_all": {
              "Environment": "dev",
              "ManagedBy": "terraform",
              "Name": "nurlan-yagublu-dev-ecs-task-policy",
              "Project": "nurlan-yagublu"
            }
          },
          "sensitive_attributes": [],
          "identity_schema_version": 0,
          "private": "bnVsbA==",
          "dependencies": [
            "module.security.aws_kms_key.main"
          ]
        }
      ]
    },
    {
      "module": "module.security",
      "mode": "managed",
      "type": "aws_iam_role",
      "name": "ecs_task",
      "provider": "provider[\"registry.terraform.io/hashicorp/aws\"]",
      "instances": [
        {
          "schema_version": 0,
          "attributes": {
            "arn": "arn:aws:iam::253650698585:role/nurlan-yagublu-dev-ecs-task",
            "assume_role_policy": "{\"Statement\":[{\"Action\":\"sts:AssumeRole\",\"Effect\":\"Allow\",\"Principal\":{\"Service\":\"ecs-tasks.amazonaws.com\"}}],\"Version\":\"2012-10-17\"}",
            "create_date": "2025-06-25T08:28:07Z",
            "description": "",
            "force_detach_policies": false,
            "id": "nurlan-yagublu-dev-ecs-task",
            "inline_policy": [],
            "managed_policy_arns": [
              "arn:aws:iam::253650698585:policy/nurlan-yagublu-dev-ecs-task-policy"
            ],
            "max_session_duration": 3600,
            "name": "nurlan-yagublu-dev-ecs-task",
            "name_prefix": "",
            "path": "/",
            "permissions_boundary": "",
            "tags": {
              "Environment": "dev",
              "Name": "nurlan-yagublu-dev-ecs-task",
              "Project": "nurlan-yagublu"
            },
            "tags_all": {
              "Environment": "dev",
              "ManagedBy": "terraform",
              "Name": "nurlan-yagublu-dev-ecs-task",
              "Project": "nurlan-yagublu"
            },
            "unique_id": "AROATWDWCQFMVU7SGLAA5"
          },
          "sensitive_attributes": [],
          "identity_schema_version": 0,
          "private": "bnVsbA=="
        }
      ]
    },
    {
      "module": "module.security",
      "mode": "managed",
      "type": "aws_iam_role",
      "name": "ecs_task_execution",
      "provider": "provider[\"registry.terraform.io/hashicorp/aws\"]",
      "instances": [
        {
          "schema_version": 0,
          "attributes": {
            "arn": "arn:aws:iam::253650698585:role/nurlan-yagublu-dev-ecs-task-execution",
            "assume_role_policy": "{\"Statement\":[{\"Action\":\"sts:AssumeRole\",\"Effect\":\"Allow\",\"Principal\":{\"Service\":\"ecs-tasks.amazonaws.com\"}}],\"Version\":\"2012-10-17\"}",
            "create_date": "2025-06-25T08:28:07Z",
            "description": "",
            "force_detach_policies": false,
            "id": "nurlan-yagublu-dev-ecs-task-execution",
            "inline_policy": [
              {
                "name": "SecretsManagerAccess",
                "policy": "{\"Version\":\"2012-10-17\",\"Statement\":[{\"Action\":[\"secretsmanager:GetSecretValue\"],\"Effect\":\"Allow\",\"Resource\":[\"arn:aws:secretsmanager:us-east-1:253650698585:secret:nurlan-yagublu-dev-db-credentials-*\",\"arn:aws:secretsmanager:us-east-1:253650698585:secret:nurlan-yagublu/dev/app-secrets-*\"]}]}"
              }
            ],
            "managed_policy_arns": [
              "arn:aws:iam::253650698585:policy/nurlan-yagublu-dev-ecs-secrets-policy",
              "arn:aws:iam::aws:policy/service-role/AmazonECSTaskExecutionRolePolicy"
            ],
            "max_session_duration": 3600,
            "name": "nurlan-yagublu-dev-ecs-task-execution",
            "name_prefix": "",
            "path": "/",
            "permissions_boundary": "",
            "tags": {
              "Environment": "dev",
              "Name": "nurlan-yagublu-dev-ecs-task-execution",
              "Project": "nurlan-yagublu"
            },
            "tags_all": {
              "Environment": "dev",
              "ManagedBy": "terraform",
              "Name": "nurlan-yagublu-dev-ecs-task-execution",
              "Project": "nurlan-yagublu"
            },
            "unique_id": "AROATWDWCQFMXMB5RBZWQ"
          },
          "sensitive_attributes": [],
          "identity_schema_version": 0,
          "private": "bnVsbA=="
        }
      ]
    },
    {
      "module": "module.security",
      "mode": "managed",
      "type": "aws_iam_role_policy_attachment",
      "name": "ecs_secrets_policy",
      "provider": "provider[\"registry.terraform.io/hashicorp/aws\"]",
      "instances": [
        {
          "schema_version": 0,
          "attributes": {
            "id": "nurlan-yagublu-dev-ecs-task-execution-20250625082822675200000007",
            "policy_arn": "arn:aws:iam::253650698585:policy/nurlan-yagublu-dev-ecs-secrets-policy",
            "role": "nurlan-yagublu-dev-ecs-task-execution"
          },
          "sensitive_attributes": [],
          "identity_schema_version": 0,
          "private": "bnVsbA==",
          "dependencies": [
            "module.security.aws_iam_policy.ecs_secrets_policy",
            "module.security.aws_iam_role.ecs_task_execution",
            "module.security.aws_kms_key.main"
          ]
        }
      ]
    },
    {
      "module": "module.security",
      "mode": "managed",
      "type": "aws_iam_role_policy_attachment",
      "name": "ecs_task_execution",
      "provider": "provider[\"registry.terraform.io/hashicorp/aws\"]",
      "instances": [
        {
          "schema_version": 0,
          "attributes": {
            "id": "nurlan-yagublu-dev-ecs-task-execution-20250625082808532500000003",
            "policy_arn": "arn:aws:iam::aws:policy/service-role/AmazonECSTaskExecutionRolePolicy",
            "role": "nurlan-yagublu-dev-ecs-task-execution"
          },
          "sensitive_attributes": [],
          "identity_schema_version": 0,
          "private": "bnVsbA==",
          "dependencies": [
            "module.security.aws_iam_role.ecs_task_execution"
          ]
        }
      ]
    },
    {
      "module": "module.security",
      "mode": "managed",
      "type": "aws_iam_role_policy_attachment",
      "name": "ecs_task_policy",
      "provider": "provider[\"registry.terraform.io/hashicorp/aws\"]",
      "instances": [
        {
          "schema_version": 0,
          "attributes": {
            "id": "nurlan-yagublu-dev-ecs-task-20250625082822870700000008",
            "policy_arn": "arn:aws:iam::253650698585:policy/nurlan-yagublu-dev-ecs-task-policy",
            "role": "nurlan-yagublu-dev-ecs-task"
          },
          "sensitive_attributes": [],
          "identity_schema_version": 0,
          "private": "bnVsbA==",
          "dependencies": [
            "module.security.aws_iam_policy.ecs_task_policy",
            "module.security.aws_iam_role.ecs_task",
            "module.security.aws_kms_key.main"
          ]
        }
      ]
    },
    {
      "module": "module.security",
      "mode": "managed",
      "type": "aws_kms_alias",
      "name": "main",
      "provider": "provider[\"registry.terraform.io/hashicorp/aws\"]",
      "instances": [
        {
          "schema_version": 0,
          "attributes": {
            "arn": "arn:aws:kms:us-east-1:253650698585:alias/nurlan-yagublu-dev",
            "id": "alias/nurlan-yagublu-dev",
            "name": "alias/nurlan-yagublu-dev",
            "name_prefix": "",
            "target_key_arn": "arn:aws:kms:us-east-1:253650698585:key/25e5970b-99d5-42b2-8971-16468f9c7f83",
            "target_key_id": "25e5970b-99d5-42b2-8971-16468f9c7f83"
          },
          "sensitive_attributes": [],
          "identity_schema_version": 0,
          "private": "bnVsbA==",
          "dependencies": [
            "module.security.aws_kms_key.main"
          ]
        }
      ]
    },
    {
      "module": "module.security",
      "mode": "managed",
      "type": "aws_kms_key",
      "name": "main",
      "provider": "provider[\"registry.terraform.io/hashicorp/aws\"]",
      "instances": [
        {
          "schema_version": 0,
          "attributes": {
            "arn": "arn:aws:kms:us-east-1:253650698585:key/25e5970b-99d5-42b2-8971-16468f9c7f83",
            "bypass_policy_lockout_safety_check": false,
            "custom_key_store_id": "",
            "customer_master_key_spec": "SYMMETRIC_DEFAULT",
            "deletion_window_in_days": 7,
            "description": "KMS key for nurlan-yagublu dev",
            "enable_key_rotation": true,
            "id": "25e5970b-99d5-42b2-8971-16468f9c7f83",
            "is_enabled": true,
            "key_id": "25e5970b-99d5-42b2-8971-16468f9c7f83",
            "key_usage": "ENCRYPT_DECRYPT",
            "multi_region": false,
            "policy": "{\"Id\":\"key-default-1\",\"Statement\":[{\"Action\":\"kms:*\",\"Effect\":\"Allow\",\"Principal\":{\"AWS\":\"arn:aws:iam::253650698585:root\"},\"Resource\":\"*\",\"Sid\":\"Enable IAM User Permissions\"}],\"Version\":\"2012-10-17\"}",
            "rotation_period_in_days": 365,
            "tags": {
              "Environment": "dev",
              "Name": "nurlan-yagublu-dev-kms-key",
              "Project": "nurlan-yagublu"
            },
            "tags_all": {
              "Environment": "dev",
              "ManagedBy": "terraform",
              "Name": "nurlan-yagublu-dev-kms-key",
              "Project": "nurlan-yagublu"
            },
            "timeouts": null,
            "xks_key_id": ""
          },
          "sensitive_attributes": [],
          "identity_schema_version": 0,
          "private": "eyJlMmJmYjczMC1lY2FhLTExZTYtOGY4OC0zNDM2M2JjN2M0YzAiOnsiY3JlYXRlIjoxMjAwMDAwMDAwMDB9fQ=="
        }
      ]
    },
    {
      "module": "module.security",
      "mode": "managed",
      "type": "aws_secretsmanager_secret",
      "name": "app_secrets",
      "provider": "provider[\"registry.terraform.io/hashicorp/aws\"]",
      "instances": [
        {
          "schema_version": 0,
          "attributes": {
            "arn": "arn:aws:secretsmanager:us-east-1:253650698585:secret:nurlan-yagublu/dev/app-secrets-6XLWaI",
            "description": "Application secrets for nurlan-yagublu dev",
            "force_overwrite_replica_secret": false,
            "id": "arn:aws:secretsmanager:us-east-1:253650698585:secret:nurlan-yagublu/dev/app-secrets-6XLWaI",
            "kms_key_id": "arn:aws:kms:us-east-1:253650698585:key/25e5970b-99d5-42b2-8971-16468f9c7f83",
            "name": "nurlan-yagublu/dev/app-secrets",
            "name_prefix": "",
            "policy": "",
            "recovery_window_in_days": 30,
            "replica": [],
            "tags": {
              "Environment": "dev",
              "Name": "nurlan-yagublu-dev-app-secrets",
              "Project": "nurlan-yagublu"
            },
            "tags_all": {
              "Environment": "dev",
              "ManagedBy": "terraform",
              "Name": "nurlan-yagublu-dev-app-secrets",
              "Project": "nurlan-yagublu"
            }
          },
          "sensitive_attributes": [],
          "identity_schema_version": 0,
          "private": "bnVsbA==",
          "dependencies": [
            "module.security.aws_kms_key.main"
          ]
        }
      ]
    },
    {
      "module": "module.security",
      "mode": "managed",
      "type": "aws_secretsmanager_secret_version",
      "name": "app_secrets",
      "provider": "provider[\"registry.terraform.io/hashicorp/aws\"]",
      "instances": [
        {
          "schema_version": 0,
          "attributes": {
            "arn": "arn:aws:secretsmanager:us-east-1:253650698585:secret:nurlan-yagublu/dev/app-secrets-6XLWaI",
            "has_secret_string_wo": null,
            "id": "arn:aws:secretsmanager:us-east-1:253650698585:secret:nurlan-yagublu/dev/app-secrets-6XLWaI|terraform-20250625082823044400000009",
            "secret_binary": "",
            "secret_id": "arn:aws:secretsmanager:us-east-1:253650698585:secret:nurlan-yagublu/dev/app-secrets-6XLWaI",
            "secret_string": "{\"api_key\":\"BF0RSchUFnIB1EAqZ1n6Rj4omvMct6il\",\"encryption_key\":\"vBCoTWDLPt39jmaFUhVqImfkoLBk38aX\",\"flask_secret\":\"g9oiShSekPFMXyaL4+hj))ua$jg\\u0026j{F2k[*\\u003eK{3b6?5\\u003caB\\u0026T[9rncNg}0IU\\u003et4zD\",\"jwt_secret\":\"MfiZW}9pQ$!#MaG3qDTw$xuddZU6]%-cTJOYf}XMkhkDRu@oi6A%a8{yVER3IV*g\"}",
            "secret_string_wo": null,
            "secret_string_wo_version": null,
            "version_id": "terraform-20250625082823044400000009",
            "version_stages": [
              "AWSCURRENT"
            ]
          },
          "sensitive_attributes": [
            [
              {
                "type": "get_attr",
                "value": "secret_binary"
              }
            ],
            [
              {
                "type": "get_attr",
                "value": "secret_string"
              }
            ],
            [
              {
                "type": "get_attr",
                "value": "secret_string_wo"
              }
            ]
          ],
          "identity_schema_version": 0,
          "private": "bnVsbA==",
          "dependencies": [
            "module.security.aws_kms_key.main",
            "module.security.aws_secretsmanager_secret.app_secrets",
            "module.security.random_password.api_key",
            "module.security.random_password.encryption_key",
            "module.security.random_password.flask_secret",
            "module.security.random_password.jwt_secret"
          ]
        }
      ]
    },
    {
      "module": "module.security",
      "mode": "managed",
      "type": "aws_ssm_parameter",
      "name": "app_config",
      "provider": "provider[\"registry.terraform.io/hashicorp/aws\"]",
      "instances": [
        {
          "index_key": "app_name",
          "schema_version": 0,
          "attributes": {
            "allowed_pattern": "",
            "arn": "arn:aws:ssm:us-east-1:253650698585:parameter/nurlan-yagublu/dev/app_name",
            "data_type": "text",
            "description": "",
            "has_value_wo": null,
            "id": "/nurlan-yagublu/dev/app_name",
            "insecure_value": null,
            "key_id": "",
            "name": "/nurlan-yagublu/dev/app_name",
            "overwrite": null,
            "tags": {
              "Environment": "dev",
              "Name": "nurlan-yagublu-dev-app_name",
              "Project": "nurlan-yagublu"
            },
            "tags_all": {
              "Environment": "dev",
              "ManagedBy": "terraform",
              "Name": "nurlan-yagublu-dev-app_name",
              "Project": "nurlan-yagublu"
            },
            "tier": "Standard",
            "type": "String",
            "value": "nurlan-yagublu",
            "value_wo": null,
            "value_wo_version": null,
            "version": 1
          },
          "sensitive_attributes": [
            [
              {
                "type": "get_attr",
                "value": "value"
              }
            ],
            [
              {
                "type": "get_attr",
                "value": "value_wo"
              }
            ]
          ],
          "identity_schema_version": 0,
          "private": "bnVsbA==",
          "dependencies": [
            "module.security.aws_kms_key.main"
          ]
        },
        {
          "index_key": "log_level",
          "schema_version": 0,
          "attributes": {
            "allowed_pattern": "",
            "arn": "arn:aws:ssm:us-east-1:253650698585:parameter/nurlan-yagublu/dev/log_level",
            "data_type": "text",
            "description": "",
            "has_value_wo": null,
            "id": "/nurlan-yagublu/dev/log_level",
            "insecure_value": null,
            "key_id": "",
            "name": "/nurlan-yagublu/dev/log_level",
            "overwrite": null,
            "tags": {
              "Environment": "dev",
              "Name": "nurlan-yagublu-dev-log_level",
              "Project": "nurlan-yagublu"
            },
            "tags_all": {
              "Environment": "dev",
              "ManagedBy": "terraform",
              "Name": "nurlan-yagublu-dev-log_level",
              "Project": "nurlan-yagublu"
            },
            "tier": "Standard",
            "type": "String",
            "value": "DEBUG",
            "value_wo": null,
            "value_wo_version": null,
            "version": 1
          },
          "sensitive_attributes": [
            [
              {
                "type": "get_attr",
                "value": "value"
              }
            ],
            [
              {
                "type": "get_attr",
                "value": "value_wo"
              }
            ]
          ],
          "identity_schema_version": 0,
          "private": "bnVsbA==",
          "dependencies": [
            "module.security.aws_kms_key.main"
          ]
        },
        {
          "index_key": "max_connections",
          "schema_version": 0,
          "attributes": {
            "allowed_pattern": "",
            "arn": "arn:aws:ssm:us-east-1:253650698585:parameter/nurlan-yagublu/dev/max_connections",
            "data_type": "text",
            "description": "",
            "has_value_wo": null,
            "id": "/nurlan-yagublu/dev/max_connections",
            "insecure_value": null,
            "key_id": "",
            "name": "/nurlan-yagublu/dev/max_connections",
            "overwrite": null,
            "tags": {
              "Environment": "dev",
              "Name": "nurlan-yagublu-dev-max_connections",
              "Project": "nurlan-yagublu"
            },
            "tags_all": {
              "Environment": "dev",
              "ManagedBy": "terraform",
              "Name": "nurlan-yagublu-dev-max_connections",
              "Project": "nurlan-yagublu"
            },
            "tier": "Standard",
            "type": "String",
            "value": "50",
            "value_wo": null,
            "value_wo_version": null,
            "version": 1
          },
          "sensitive_attributes": [
            [
              {
                "type": "get_attr",
                "value": "value"
              }
            ],
            [
              {
                "type": "get_attr",
                "value": "value_wo"
              }
            ]
          ],
          "identity_schema_version": 0,
          "private": "bnVsbA==",
          "dependencies": [
            "module.security.aws_kms_key.main"
          ]
        },
        {
          "index_key": "session_timeout",
          "schema_version": 0,
          "attributes": {
            "allowed_pattern": "",
            "arn": "arn:aws:ssm:us-east-1:253650698585:parameter/nurlan-yagublu/dev/session_timeout",
            "data_type": "text",
            "description": "",
            "has_value_wo": null,
            "id": "/nurlan-yagublu/dev/session_timeout",
            "insecure_value": null,
            "key_id": "",
            "name": "/nurlan-yagublu/dev/session_timeout",
            "overwrite": null,
            "tags": {
              "Environment": "dev",
              "Name": "nurlan-yagublu-dev-session_timeout",
              "Project": "nurlan-yagublu"
            },
            "tags_all": {
              "Environment": "dev",
              "ManagedBy": "terraform",
              "Name": "nurlan-yagublu-dev-session_timeout",
              "Project": "nurlan-yagublu"
            },
            "tier": "Standard",
            "type": "String",
            "value": "7200",
            "value_wo": null,
            "value_wo_version": null,
            "version": 1
          },
          "sensitive_attributes": [
            [
              {
                "type": "get_attr",
                "value": "value"
              }
            ],
            [
              {
                "type": "get_attr",
                "value": "value_wo"
              }
            ]
          ],
          "identity_schema_version": 0,
          "private": "bnVsbA==",
          "dependencies": [
            "module.security.aws_kms_key.main"
          ]
        }
      ]
    },
    {
      "module": "module.security",
      "mode": "managed",
      "type": "random_password",
      "name": "api_key",
      "provider": "provider[\"registry.terraform.io/hashicorp/random\"]",
      "instances": [
        {
          "schema_version": 3,
          "attributes": {
            "bcrypt_hash": "$2a$10$sxk20rGNPQ4kzSl7He4Rr.OqqDnwiJgVABhl23fqJIeuGB8Teekbe",
            "id": "none",
            "keepers": null,
            "length": 32,
            "lower": true,
            "min_lower": 0,
            "min_numeric": 0,
            "min_special": 0,
            "min_upper": 0,
            "number": true,
            "numeric": true,
            "override_special": null,
            "result": "BF0RSchUFnIB1EAqZ1n6Rj4omvMct6il",
            "special": false,
            "upper": true
          },
          "sensitive_attributes": [
            [
              {
                "type": "get_attr",
                "value": "bcrypt_hash"
              }
            ],
            [
              {
                "type": "get_attr",
                "value": "result"
              }
            ]
          ],
          "identity_schema_version": 0
        }
      ]
    },
    {
      "module": "module.security",
      "mode": "managed",
      "type": "random_password",
      "name": "encryption_key",
      "provider": "provider[\"registry.terraform.io/hashicorp/random\"]",
      "instances": [
        {
          "schema_version": 3,
          "attributes": {
            "bcrypt_hash": "$2a$10$qidIHwG.sxgwEQD.JAFKEO.8KRrNeKWnYED7.YidLru3V4mMffZs2",
            "id": "none",
            "keepers": null,
            "length": 32,
            "lower": true,
            "min_lower": 0,
            "min_numeric": 0,
            "min_special": 0,
            "min_upper": 0,
            "number": true,
            "numeric": true,
            "override_special": null,
            "result": "vBCoTWDLPt39jmaFUhVqImfkoLBk38aX",
            "special": false,
            "upper": true
          },
          "sensitive_attributes": [
            [
              {
                "type": "get_attr",
                "value": "bcrypt_hash"
              }
            ],
            [
              {
                "type": "get_attr",
                "value": "result"
              }
            ]
          ],
          "identity_schema_version": 0
        }
      ]
    },
    {
      "module": "module.security",
      "mode": "managed",
      "type": "random_password",
      "name": "flask_secret",
      "provider": "provider[\"registry.terraform.io/hashicorp/random\"]",
      "instances": [
        {
          "schema_version": 3,
          "attributes": {
            "bcrypt_hash": "$2a$10$V9.1Um1RyGMRdIFa7Btt/upXEKi/p/vYZqrlvpuRjGqy2CkFvrwWG",
            "id": "none",
            "keepers": null,
            "length": 64,
            "lower": true,
            "min_lower": 0,
            "min_numeric": 0,
            "min_special": 0,
            "min_upper": 0,
            "number": true,
            "numeric": true,
            "override_special": null,
            "result": "g9oiShSekPFMXyaL4+hj))ua$jg\u0026j{F2k[*\u003eK{3b6?5\u003caB\u0026T[9rncNg}0IU\u003et4zD",
            "special": true,
            "upper": true
          },
          "sensitive_attributes": [
            [
              {
                "type": "get_attr",
                "value": "bcrypt_hash"
              }
            ],
            [
              {
                "type": "get_attr",
                "value": "result"
              }
            ]
          ],
          "identity_schema_version": 0
        }
      ]
    },
    {
      "module": "module.security",
      "mode": "managed",
      "type": "random_password",
      "name": "jwt_secret",
      "provider": "provider[\"registry.terraform.io/hashicorp/random\"]",
      "instances": [
        {
          "schema_version": 3,
          "attributes": {
            "bcrypt_hash": "$2a$10$MERCtFctkxnNWRbyhzXva.bc4y8AkwX/lWql7Fc2qk6xI3MpqRnMq",
            "id": "none",
            "keepers": null,
            "length": 64,
            "lower": true,
            "min_lower": 0,
            "min_numeric": 0,
            "min_special": 0,
            "min_upper": 0,
            "number": true,
            "numeric": true,
            "override_special": null,
            "result": "MfiZW}9pQ$!#MaG3qDTw$xuddZU6]%-cTJOYf}XMkhkDRu@oi6A%a8{yVER3IV*g",
            "special": true,
            "upper": true
          },
          "sensitive_attributes": [
            [
              {
                "type": "get_attr",
                "value": "bcrypt_hash"
              }
            ],
            [
              {
                "type": "get_attr",
                "value": "result"
              }
            ]
          ],
          "identity_schema_version": 0
        }
      ]
    }
  ],
  "check_results": [
    {
      "object_kind": "var",
      "config_addr": "module.networking.var.vpc_cidr",
      "status": "pass",
      "objects": [
        {
          "object_addr": "module.networking.var.vpc_cidr",
          "status": "pass"
        }
      ]
    },
    {
      "object_kind": "var",
      "config_addr": "module.database.var.backup_retention_period",
      "status": "pass",
      "objects": [
        {
          "object_addr": "module.database.var.backup_retention_period",
          "status": "pass"
        }
      ]
    },
    {
      "object_kind": "var",
      "config_addr": "module.ecs.var.private_app_subnet_ids",
      "status": "pass",
      "objects": [
        {
          "object_addr": "module.ecs.var.private_app_subnet_ids",
          "status": "pass"
        }
      ]
    },
    {
      "object_kind": "var",
      "config_addr": "module.database.var.cpu_alarm_threshold",
      "status": "pass",
      "objects": [
        {
          "object_addr": "module.database.var.cpu_alarm_threshold",
          "status": "pass"
        }
      ]
    },
    {
      "object_kind": "var",
      "config_addr": "module.ecs.var.deployment_minimum_healthy_percent",
      "status": "pass",
      "objects": [
        {
          "object_addr": "module.ecs.var.deployment_minimum_healthy_percent",
          "status": "pass"
        }
      ]
    },
    {
      "object_kind": "var",
      "config_addr": "module.database.var.private_db_subnet_ids",
      "status": "pass",
      "objects": [
        {
          "object_addr": "module.database.var.private_db_subnet_ids",
          "status": "pass"
        }
      ]
    },
    {
      "object_kind": "var",
      "config_addr": "module.ecs.var.project_name",
      "status": "pass",
      "objects": [
        {
          "object_addr": "module.ecs.var.project_name",
          "status": "pass"
        }
      ]
    },
    {
      "object_kind": "var",
      "config_addr": "module.database.var.db_instance_class",
      "status": "pass",
      "objects": [
        {
          "object_addr": "module.database.var.db_instance_class",
          "status": "pass"
        }
      ]
    },
    {
      "object_kind": "var",
      "config_addr": "module.s3_static_website.var.cloudfront_price_class",
      "status": "pass",
      "objects": [
        {
          "object_addr": "module.s3_static_website.var.cloudfront_price_class",
          "status": "pass"
        }
      ]
    },
    {
      "object_kind": "var",
      "config_addr": "module.database.var.performance_insights_retention_period",
      "status": "pass",
      "objects": [
        {
          "object_addr": "module.database.var.performance_insights_retention_period",
          "status": "pass"
        }
      ]
    },
    {
      "object_kind": "var",
      "config_addr": "module.database.var.monitoring_interval",
      "status": "pass",
      "objects": [
        {
          "object_addr": "module.database.var.monitoring_interval",
          "status": "pass"
        }
      ]
    },
    {
      "object_kind": "var",
      "config_addr": "module.database.var.postgres_version",
      "status": "pass",
      "objects": [
        {
          "object_addr": "module.database.var.postgres_version",
          "status": "pass"
        }
      ]
    },
    {
      "object_kind": "var",
      "config_addr": "module.ecs.var.ecr_image_count",
      "status": "pass",
      "objects": [
        {
          "object_addr": "module.ecs.var.ecr_image_count",
          "status": "pass"
        }
      ]
    },
    {
      "object_kind": "var",
      "config_addr": "module.ecs.var.cpu_alarm_threshold",
      "status": "pass",
      "objects": [
        {
          "object_addr": "module.ecs.var.cpu_alarm_threshold",
          "status": "pass"
        }
      ]
    },
    {
      "object_kind": "var",
      "config_addr": "module.database.var.backup_window",
      "status": "pass",
      "objects": [
        {
          "object_addr": "module.database.var.backup_window",
          "status": "pass"
        }
      ]
    },
    {
      "object_kind": "var",
      "config_addr": "module.ecs.var.autoscaling_cpu_target",
      "status": "pass",
      "objects": [
        {
          "object_addr": "module.ecs.var.autoscaling_cpu_target",
          "status": "pass"
        }
      ]
    },
    {
      "object_kind": "var",
      "config_addr": "module.ecs.var.autoscaling_memory_target",
      "status": "pass",
      "objects": [
        {
          "object_addr": "module.ecs.var.autoscaling_memory_target",
          "status": "pass"
        }
      ]
    },
    {
      "object_kind": "var",
      "config_addr": "module.ecs.var.deployment_maximum_percent",
      "status": "pass",
      "objects": [
        {
          "object_addr": "module.ecs.var.deployment_maximum_percent",
          "status": "pass"
        }
      ]
    },
    {
      "object_kind": "var",
      "config_addr": "module.ecs.var.environment",
      "status": "pass",
      "objects": [
        {
          "object_addr": "module.ecs.var.environment",
          "status": "pass"
        }
      ]
    },
    {
      "object_kind": "var",
      "config_addr": "module.networking.var.environment",
      "status": "pass",
      "objects": [
        {
          "object_addr": "module.networking.var.environment",
          "status": "pass"
        }
      ]
    },
    {
      "object_kind": "var",
      "config_addr": "module.database.var.maintenance_window",
      "status": "pass",
      "objects": [
        {
          "object_addr": "module.database.var.maintenance_window",
          "status": "pass"
        }
      ]
    },
    {
      "object_kind": "var",
      "config_addr": "module.ecs.var.desired_count",
      "status": "pass",
      "objects": [
        {
          "object_addr": "module.ecs.var.desired_count",
          "status": "pass"
        }
      ]
    },
    {
      "object_kind": "var",
      "config_addr": "module.networking.var.private_app_subnet_cidrs",
      "status": "pass",
      "objects": [
        {
          "object_addr": "module.networking.var.private_app_subnet_cidrs",
          "status": "pass"
        }
      ]
    },
    {
      "object_kind": "var",
      "config_addr": "module.ecs.var.task_memory",
      "status": "pass",
      "objects": [
        {
          "object_addr": "module.ecs.var.task_memory",
          "status": "pass"
        }
      ]
    },
    {
      "object_kind": "var",
      "config_addr": "module.database.var.replica_monitoring_interval",
      "status": "pass",
      "objects": [
        {
          "object_addr": "module.database.var.replica_monitoring_interval",
          "status": "pass"
        }
      ]
    },
    {
      "object_kind": "var",
      "config_addr": "module.database.var.max_allocated_storage",
      "status": "pass",
      "objects": [
        {
          "object_addr": "module.database.var.max_allocated_storage",
          "status": "pass"
        }
      ]
    },
    {
      "object_kind": "var",
      "config_addr": "module.networking.var.app_port",
      "status": "pass",
      "objects": [
        {
          "object_addr": "module.networking.var.app_port",
          "status": "pass"
        }
      ]
    },
    {
      "object_kind": "var",
      "config_addr": "module.database.var.enabled_cloudwatch_logs_exports",
      "status": "pass",
      "objects": [
        {
          "object_addr": "module.database.var.enabled_cloudwatch_logs_exports",
          "status": "pass"
        }
      ]
    },
    {
      "object_kind": "var",
      "config_addr": "module.database.var.db_username",
      "status": "pass",
      "objects": [
        {
          "object_addr": "module.database.var.db_username",
          "status": "pass"
        }
      ]
    },
    {
      "object_kind": "var",
      "config_addr": "module.database.var.project_name",
      "status": "pass",
      "objects": [
        {
          "object_addr": "module.database.var.project_name",
          "status": "pass"
        }
      ]
    },
    {
      "object_kind": "var",
      "config_addr": "module.database.var.allocated_storage",
      "status": "pass",
      "objects": [
        {
          "object_addr": "module.database.var.allocated_storage",
          "status": "pass"
        }
      ]
    },
    {
      "object_kind": "var",
      "config_addr": "module.ecs.var.log_retention_days",
      "status": "pass",
      "objects": [
        {
          "object_addr": "module.ecs.var.log_retention_days",
          "status": "pass"
        }
      ]
    },
    {
      "object_kind": "var",
      "config_addr": "module.ecs.var.public_subnet_ids",
      "status": "pass",
      "objects": [
        {
          "object_addr": "module.ecs.var.public_subnet_ids",
          "status": "pass"
        }
      ]
    },
    {
      "object_kind": "var",
      "config_addr": "module.networking.var.project_name",
      "status": "pass",
      "objects": [
        {
          "object_addr": "module.networking.var.project_name",
          "status": "pass"
        }
      ]
    },
    {
      "object_kind": "var",
      "config_addr": "module.database.var.storage_type",
      "status": "pass",
      "objects": [
        {
          "object_addr": "module.database.var.storage_type",
          "status": "pass"
        }
      ]
    },
    {
      "object_kind": "var",
      "config_addr": "module.ecs.var.memory_alarm_threshold",
      "status": "pass",
      "objects": [
        {
          "object_addr": "module.ecs.var.memory_alarm_threshold",
          "status": "pass"
        }
      ]
    },
    {
      "object_kind": "var",
      "config_addr": "module.s3_static_website.var.geo_restriction_type",
      "status": "pass",
      "objects": [
        {
          "object_addr": "module.s3_static_website.var.geo_restriction_type",
          "status": "pass"
        }
      ]
    },
    {
      "object_kind": "var",
      "config_addr": "module.ecs.var.task_cpu",
      "status": "pass",
      "objects": [
        {
          "object_addr": "module.ecs.var.task_cpu",
          "status": "pass"
        }
      ]
    },
    {
      "object_kind": "var",
      "config_addr": "module.networking.var.private_db_subnet_cidrs",
      "status": "pass",
      "objects": [
        {
          "object_addr": "module.networking.var.private_db_subnet_cidrs",
          "status": "pass"
        }
      ]
    },
    {
      "object_kind": "var",
      "config_addr": "module.database.var.environment",
      "status": "pass",
      "objects": [
        {
          "object_addr": "module.database.var.environment",
          "status": "pass"
        }
      ]
    },
    {
      "object_kind": "var",
      "config_addr": "module.networking.var.public_subnet_cidrs",
      "status": "pass",
      "objects": [
        {
          "object_addr": "module.networking.var.public_subnet_cidrs",
          "status": "pass"
        }
      ]
    },
    {
      "object_kind": "var",
      "config_addr": "module.database.var.db_name",
      "status": "pass",
      "objects": [
        {
          "object_addr": "module.database.var.db_name",
          "status": "pass"
        }
      ]
    },
    {
      "object_kind": "var",
      "config_addr": "module.ecs.var.app_port",
      "status": "pass",
      "objects": [
        {
          "object_addr": "module.ecs.var.app_port",
          "status": "pass"
        }
      ]
    }
  ]
}
